{
  "version": 4,
  "terraform_version": "1.13.0",
  "serial": 231,
  "lineage": "41b5e24d-c9e2-47fa-8ae1-f43315996d7b",
  "outputs": {
    "NAT_private_IP": {
      "value": "172.16.3.44",
      "type": "string"
    },
    "NAT_public_IP": {
      "value": "3.20.56.116",
      "type": "string"
    },
    "explanation": {
      "value": [],
      "type": [
        "list",
        [
          "object",
          {
            "acl": [
              "list",
              [
                "object",
                {
                  "arn": "string",
                  "id": "string",
                  "name": "string"
                }
              ]
            ],
            "acl_rule": [
              "list",
              [
                "object",
                {
                  "cidr": "string",
                  "egress": "bool",
                  "port_range": [
                    "list",
                    [
                      "object",
                      {
                        "from": "number",
                        "to": "number"
                      }
                    ]
                  ],
                  "protocol": "string",
                  "rule_action": "string",
                  "rule_number": "number"
                }
              ]
            ],
            "address": "string",
            "addresses": [
              "list",
              "string"
            ],
            "attached_to": [
              "list",
              [
                "object",
                {
                  "arn": "string",
                  "id": "string",
                  "name": "string"
                }
              ]
            ],
            "availability_zones": [
              "list",
              "string"
            ],
            "cidrs": [
              "list",
              "string"
            ],
            "classic_load_balancer_listener": [
              "list",
              [
                "object",
                {
                  "instance_port": "number",
                  "load_balancer_port": "number"
                }
              ]
            ],
            "component": [
              "list",
              [
                "object",
                {
                  "arn": "string",
                  "id": "string",
                  "name": "string"
                }
              ]
            ],
            "customer_gateway": [
              "list",
              [
                "object",
                {
                  "arn": "string",
                  "id": "string",
                  "name": "string"
                }
              ]
            ],
            "destination": [
              "list",
              [
                "object",
                {
                  "arn": "string",
                  "id": "string",
                  "name": "string"
                }
              ]
            ],
            "destination_vpc": [
              "list",
              [
                "object",
                {
                  "arn": "string",
                  "id": "string",
                  "name": "string"
                }
              ]
            ],
            "direction": "string",
            "elastic_load_balancer_listener": [
              "list",
              [
                "object",
                {
                  "arn": "string",
                  "id": "string",
                  "name": "string"
                }
              ]
            ],
            "explanation_code": "string",
            "ingress_route_table": [
              "list",
              [
                "object",
                {
                  "arn": "string",
                  "id": "string",
                  "name": "string"
                }
              ]
            ],
            "internet_gateway": [
              "list",
              [
                "object",
                {
                  "arn": "string",
                  "id": "string",
                  "name": "string"
                }
              ]
            ],
            "load_balancer_arn": "string",
            "load_balancer_listener_port": "number",
            "load_balancer_target_group": [
              "list",
              [
                "object",
                {
                  "arn": "string",
                  "id": "string",
                  "name": "string"
                }
              ]
            ],
            "load_balancer_target_groups": [
              "list",
              [
                "object",
                {
                  "arn": "string",
                  "id": "string",
                  "name": "string"
                }
              ]
            ],
            "load_balancer_target_port": "number",
            "missing_component": "string",
            "nat_gateway": [
              "list",
              [
                "object",
                {
                  "arn": "string",
                  "id": "string",
                  "name": "string"
                }
              ]
            ],
            "network_interface": [
              "list",
              [
                "object",
                {
                  "arn": "string",
                  "id": "string",
                  "name": "string"
                }
              ]
            ],
            "packet_field": "string",
            "port": "number",
            "port_ranges": [
              "list",
              [
                "object",
                {
                  "from": "number",
                  "to": "number"
                }
              ]
            ],
            "prefix_list": [
              "list",
              [
                "object",
                {
                  "arn": "string",
                  "id": "string",
                  "name": "string"
                }
              ]
            ],
            "protocols": [
              "list",
              "string"
            ],
            "route_table": [
              "list",
              [
                "object",
                {
                  "arn": "string",
                  "id": "string",
                  "name": "string"
                }
              ]
            ],
            "route_table_route": [
              "list",
              [
                "object",
                {
                  "destination_cidr": "string",
                  "destination_prefix_list_id": "string",
                  "egress_only_internet_gateway_id": "string",
                  "gateway_id": "string",
                  "instance_id": "string",
                  "nat_gateway_id": "string",
                  "network_interface_id": "string",
                  "origin": "string",
                  "transit_gateway_id": "string",
                  "vpc_peering_connection_id": "string"
                }
              ]
            ],
            "security_group": [
              "list",
              [
                "object",
                {
                  "arn": "string",
                  "id": "string",
                  "name": "string"
                }
              ]
            ],
            "security_group_rule": [
              "list",
              [
                "object",
                {
                  "cidr": "string",
                  "direction": "string",
                  "port_range": [
                    "list",
                    [
                      "object",
                      {
                        "from": "number",
                        "to": "number"
                      }
                    ]
                  ],
                  "prefix_list_id": "string",
                  "protocol": "string",
                  "security_group_id": "string"
                }
              ]
            ],
            "security_groups": [
              "list",
              [
                "object",
                {
                  "arn": "string",
                  "id": "string",
                  "name": "string"
                }
              ]
            ],
            "source_vpc": [
              "list",
              [
                "object",
                {
                  "arn": "string",
                  "id": "string",
                  "name": "string"
                }
              ]
            ],
            "state": "string",
            "subnet": [
              "list",
              [
                "object",
                {
                  "arn": "string",
                  "id": "string",
                  "name": "string"
                }
              ]
            ],
            "subnet_route_table": [
              "list",
              [
                "object",
                {
                  "arn": "string",
                  "id": "string",
                  "name": "string"
                }
              ]
            ],
            "transit_gateway": [
              "list",
              [
                "object",
                {
                  "arn": "string",
                  "id": "string",
                  "name": "string"
                }
              ]
            ],
            "transit_gateway_attachment": [
              "list",
              [
                "object",
                {
                  "arn": "string",
                  "id": "string",
                  "name": "string"
                }
              ]
            ],
            "transit_gateway_route_table": [
              "list",
              [
                "object",
                {
                  "arn": "string",
                  "id": "string",
                  "name": "string"
                }
              ]
            ],
            "transit_gateway_route_table_route": [
              "list",
              [
                "object",
                {
                  "attachment_id": "string",
                  "destination_cidr": "string",
                  "prefix_list_id": "string",
                  "resource_id": "string",
                  "resource_type": "string",
                  "route_origin": "string",
                  "state": "string"
                }
              ]
            ],
            "vpc": [
              "list",
              [
                "object",
                {
                  "arn": "string",
                  "id": "string",
                  "name": "string"
                }
              ]
            ],
            "vpc_endpoint": [
              "list",
              [
                "object",
                {
                  "arn": "string",
                  "id": "string",
                  "name": "string"
                }
              ]
            ],
            "vpc_peering_connection": [
              "list",
              [
                "object",
                {
                  "arn": "string",
                  "id": "string",
                  "name": "string"
                }
              ]
            ],
            "vpn_connection": [
              "list",
              [
                "object",
                {
                  "arn": "string",
                  "id": "string",
                  "name": "string"
                }
              ]
            ],
            "vpn_gateway": [
              "list",
              [
                "object",
                {
                  "arn": "string",
                  "id": "string",
                  "name": "string"
                }
              ]
            ]
          }
        ]
      ]
    },
    "home_ip": {
      "value": "35.149.205.152",
      "type": "string"
    },
    "key_pair_name": {
      "value": "centrally-clean-koi-windows",
      "type": "string"
    },
    "linux_instance_id": {
      "value": "i-078638f2eb013ce56",
      "type": "string"
    },
    "linux_instance_private_ip": {
      "value": "172.16.11.15",
      "type": "string"
    },
    "network_insights_path_info": {
      "value": {
        "destination": "i-0280ffa19c7f6005f",
        "destination_port": 80,
        "path_id": "nip-0b22d51390554254d",
        "protocol": "tcp",
        "source": "igw-0b61e2f9d8314017e",
        "tags": {
          "Name": "home_to_ec2-centrally-clean-koi"
        }
      },
      "type": [
        "object",
        {
          "destination": "string",
          "destination_port": "number",
          "path_id": "string",
          "protocol": "string",
          "source": "string",
          "tags": [
            "map",
            "string"
          ]
        }
      ]
    },
    "network_path_id": {
      "value": "nip-0b22d51390554254d",
      "type": "string"
    },
    "random_id_base64_std": {
      "value": "fTLZxeesvzU=",
      "type": "string"
    },
    "random_id_base64_url": {
      "value": "fTLZxeesvzU",
      "type": "string"
    },
    "random_id_bytes": {
      "value": 8,
      "type": "number"
    },
    "random_id_dec": {
      "value": "9021512447595167541",
      "type": "string"
    },
    "random_id_hex": {
      "value": "7d32d9c5e7acbf35",
      "type": "string"
    },
    "random_integer": {
      "value": 82,
      "type": "number"
    },
    "random_integer_max": {
      "value": 100,
      "type": "number"
    },
    "random_integer_min": {
      "value": 10,
      "type": "number"
    },
    "random_integer_result": {
      "value": 82,
      "type": "number"
    },
    "random_pet_name": {
      "value": "centrally-clean-koi",
      "type": "string"
    },
    "random_string": {
      "value": "qA46*U[n\u0026@@o",
      "type": "string"
    },
    "reachable": {
      "value": true,
      "type": "bool"
    },
    "status": {
      "value": "succeeded",
      "type": "string"
    },
    "windows_encrypted_pwd": {
      "value": "IlAKU7mivoiWfXKZVe0kwakPGK7bOI4+KpAm6gzmhTHsFbeXF4ponDd+0IGInYgV1jQAy975AKV+u0kUHmLgF53RrJNzZ+uY1NxKX6JPijkCuOswqM5jY8VXCUORpFMO2UmLPfwq2CsYJ+oNOlXMng34pjKnXnI1i2Rz2gJnZvj0fm1eMAyrvyxrGAIAHxOnSNmYX9Ch43QXCfb0OE0FKEP/Xctq8J3klHQ0k+7Uqoe1JRKOJTfIXBol9QncmaknQ2M9GLsc0+r+hByD9+spIDjT5XYX7gbw2Wm8NCJu5SgfgsxJemG4XXFAdabxiP7IYvSdDzuQt4tv4Tz0JgLTiE/wksZ6Ymnf5i4JDza9+2/t4UDz5Dgt+FIRs4P17L91DFkB8Oxr8E9pEQFyFbF9kgjtenWV9RlO/pEKi31kxCvNeUX6er+xhFW/EytHXbxZruPsur5Jye9xcfywtJksJMxzszAJP+x+XN/CNguGSOqMpx5Ya5wj99Mn6BM+WP368x/Tt0Y+vUa7c/IeXUXqqRQRIGRMSxCVHhu22CiVs42n8Z/MHaMoiJAM5moKHTEg1FrycCN+y91f7eYxiAZA0KuPtNfjXN15veAJLgVk0WKw4F/Ufg9SVL7Ovonh8SRpOkbCdTD2Iu+D19uJHFlrmngFKx1+lMEZL1+lMSrMdd0=",
      "type": "string"
    },
    "windows_instance_id": {
      "value": "i-0280ffa19c7f6005f",
      "type": "string"
    },
    "windows_instance_private_ip": {
      "value": "172.16.7.249",
      "type": "string"
    },
    "windows_instance_public_ip": {
      "value": "18.218.159.204",
      "type": "string"
    }
  },
  "resources": [
    {
      "mode": "data",
      "type": "aws_internet_gateway",
      "name": "vpc_igw",
      "provider": "provider[\"registry.terraform.io/hashicorp/aws\"]",
      "instances": [
        {
          "schema_version": 0,
          "attributes": {
            "arn": "arn:aws:ec2:us-east-2:793861635529:internet-gateway/igw-0b61e2f9d8314017e",
            "attachments": [
              {
                "state": "available",
                "vpc_id": "vpc-021badf260afa52a2"
              }
            ],
            "filter": [
              {
                "name": "attachment.vpc-id",
                "values": [
                  "vpc-021badf260afa52a2"
                ]
              }
            ],
            "id": "igw-0b61e2f9d8314017e",
            "internet_gateway_id": "igw-0b61e2f9d8314017e",
            "owner_id": "793861635529",
            "region": "us-east-2",
            "tags": {
              "Name": "centrally-clean-koi-IGW"
            },
            "timeouts": null
          },
          "sensitive_attributes": [],
          "identity_schema_version": 0
        }
      ]
    },
    {
      "mode": "data",
      "type": "http",
      "name": "my_ip",
      "provider": "provider[\"registry.terraform.io/hashicorp/http\"]",
      "instances": [
        {
          "schema_version": 0,
          "attributes": {
            "body": "35.149.205.152\n",
            "ca_cert_pem": null,
            "client_cert_pem": null,
            "client_key_pem": null,
            "id": "https://checkip.amazonaws.com",
            "insecure": null,
            "method": null,
            "request_body": null,
            "request_headers": null,
            "request_timeout_ms": null,
            "response_body": "35.149.205.152\n",
            "response_body_base64": "MzUuMTQ5LjIwNS4xNTIK",
            "response_headers": {
              "Content-Length": "15",
              "Content-Type": "text/plain;charset=UTF-8",
              "Date": "Fri, 29 Aug 2025 03:01:37 GMT",
              "Server": "nginx",
              "Vary": "Origin, Access-Control-Request-Method, Access-Control-Request-Headers"
            },
            "retry": null,
            "status_code": 200,
            "url": "https://checkip.amazonaws.com"
          },
          "sensitive_attributes": [],
          "identity_schema_version": 0
        }
      ]
    },
    {
      "mode": "data",
      "type": "template_file",
      "name": "sai_rdp_tf",
      "provider": "provider[\"registry.terraform.io/hashicorp/template\"]",
      "instances": [
        {
          "schema_version": 0,
          "attributes": {
            "filename": null,
            "id": "663587238de67b59f536a3f8b40c30da4a71cee9480a851904f112f92a1f9c07",
            "rendered": "auto connect:i:1\r\nfull address:s:18.218.159.204\r\nusername:s:Administrator\r\naudiomode:i:2\r\naudiocapturemode:i:1\r\n",
            "template": "auto connect:i:1\r\nfull address:s:18.218.159.204\r\nusername:s:Administrator\r\naudiomode:i:2\r\naudiocapturemode:i:1\r\n",
            "vars": null
          },
          "sensitive_attributes": [],
          "identity_schema_version": 0
        }
      ]
    },
    {
      "mode": "managed",
      "type": "aws_default_route_table",
      "name": "private_rt",
      "provider": "provider[\"registry.terraform.io/hashicorp/aws\"]",
      "instances": [
        {
          "schema_version": 0,
          "attributes": {
            "arn": "arn:aws:ec2:us-east-2:793861635529:route-table/rtb-0ac4edd3798f8fb94",
            "default_route_table_id": "rtb-0ac4edd3798f8fb94",
            "id": "rtb-0ac4edd3798f8fb94",
            "owner_id": "793861635529",
            "propagating_vgws": [],
            "region": "us-east-2",
            "route": [
              {
                "cidr_block": "0.0.0.0/0",
                "core_network_arn": "",
                "destination_prefix_list_id": "",
                "egress_only_gateway_id": "",
                "gateway_id": "",
                "instance_id": "",
                "ipv6_cidr_block": "",
                "nat_gateway_id": "nat-0eede553eb3756ff8",
                "network_interface_id": "",
                "transit_gateway_id": "",
                "vpc_endpoint_id": "",
                "vpc_peering_connection_id": ""
              }
            ],
            "tags": {
              "Name": "private-centrally-clean-koi"
            },
            "tags_all": {
              "Name": "private-centrally-clean-koi"
            },
            "timeouts": null,
            "vpc_id": "vpc-021badf260afa52a2"
          },
          "sensitive_attributes": [],
          "identity_schema_version": 0,
          "private": "eyJlMmJmYjczMC1lY2FhLTExZTYtOGY4OC0zNDM2M2JjN2M0YzAiOnsiY3JlYXRlIjoxMjAwMDAwMDAwMDAsInVwZGF0ZSI6MTIwMDAwMDAwMDAwfX0=",
          "dependencies": [
            "aws_eip.nat_eip",
            "aws_nat_gateway.nat_gw",
            "aws_subnet.public_subnet",
            "aws_vpc.vpc-01",
            "random_pet.sai_pet"
          ]
        }
      ]
    },
    {
      "mode": "managed",
      "type": "aws_ec2_network_insights_analysis",
      "name": "home_to_ec2_analysis",
      "provider": "provider[\"registry.terraform.io/hashicorp/aws\"]",
      "instances": [
        {
          "schema_version": 0,
          "attributes": {
            "alternate_path_hints": [],
            "arn": "arn:aws:ec2:us-east-2:793861635529:network-insights-analysis/nia-0081237c9fca976e7",
            "explanations": [],
            "filter_in_arns": null,
            "forward_path_components": [
              {
                "acl_rule": [],
                "additional_details": [],
                "attached_to": [],
                "component": [
                  {
                    "arn": "arn:aws:ec2:us-east-2:793861635529:internet-gateway/igw-0b61e2f9d8314017e",
                    "id": "igw-0b61e2f9d8314017e",
                    "name": "centrally-clean-koi-IGW"
                  }
                ],
                "destination_vpc": [],
                "inbound_header": [
                  {
                    "destination_addresses": [
                      "18.218.159.204/32"
                    ],
                    "destination_port_ranges": [
                      {
                        "from": 80,
                        "to": 80
                      }
                    ],
                    "protocol": "6",
                    "source_addresses": [
                      "0.0.0.0/5",
                      "100.0.0.0/10",
                      "100.128.0.0/9",
                      "101.0.0.0/8",
                      "102.0.0.0/7",
                      "104.0.0.0/5",
                      "11.0.0.0/8",
                      "112.0.0.0/4",
                      "12.0.0.0/6",
                      "128.0.0.0/3",
                      "16.0.0.0/4",
                      "160.0.0.0/5",
                      "168.0.0.0/6",
                      "172.0.0.0/12",
                      "172.128.0.0/9",
                      "172.32.0.0/11",
                      "172.64.0.0/10",
                      "173.0.0.0/8",
                      "174.0.0.0/7",
                      "176.0.0.0/4",
                      "192.0.0.0/9",
                      "192.128.0.0/11",
                      "192.160.0.0/13",
                      "192.169.0.0/16",
                      "192.170.0.0/15",
                      "192.172.0.0/14",
                      "192.176.0.0/12",
                      "192.192.0.0/10",
                      "193.0.0.0/8",
                      "194.0.0.0/7",
                      "196.0.0.0/6",
                      "200.0.0.0/5",
                      "208.0.0.0/4",
                      "224.0.0.0/3",
                      "32.0.0.0/3",
                      "64.0.0.0/3",
                      "8.0.0.0/7",
                      "96.0.0.0/6"
                    ],
                    "source_port_ranges": [
                      {
                        "from": 0,
                        "to": 65535
                      }
                    ]
                  }
                ],
                "outbound_header": [
                  {
                    "destination_addresses": [
                      "172.16.7.249/32"
                    ],
                    "destination_port_ranges": [],
                    "protocol": "",
                    "source_addresses": [],
                    "source_port_ranges": []
                  }
                ],
                "route_table_route": [],
                "security_group_rule": [],
                "sequence_number": 1,
                "source_vpc": [],
                "subnet": [],
                "transit_gateway": [],
                "transit_gateway_route_table_route": [],
                "vpc": [
                  {
                    "arn": "arn:aws:ec2:us-east-2:793861635529:vpc/vpc-021badf260afa52a2",
                    "id": "vpc-021badf260afa52a2",
                    "name": "centrally-clean-koi"
                  }
                ]
              },
              {
                "acl_rule": [
                  {
                    "cidr": "0.0.0.0/0",
                    "egress": false,
                    "port_range": [
                      {
                        "from": 80,
                        "to": 80
                      }
                    ],
                    "protocol": "tcp",
                    "rule_action": "allow",
                    "rule_number": 100
                  }
                ],
                "additional_details": [],
                "attached_to": [],
                "component": [
                  {
                    "arn": "arn:aws:ec2:us-east-2:793861635529:network-acl/acl-08ce76139ea563111",
                    "id": "acl-08ce76139ea563111",
                    "name": "centrally-clean-koi-Public"
                  }
                ],
                "destination_vpc": [],
                "inbound_header": [],
                "outbound_header": [],
                "route_table_route": [],
                "security_group_rule": [],
                "sequence_number": 2,
                "source_vpc": [],
                "subnet": [],
                "transit_gateway": [],
                "transit_gateway_route_table_route": [],
                "vpc": []
              },
              {
                "acl_rule": [],
                "additional_details": [],
                "attached_to": [],
                "component": [
                  {
                    "arn": "arn:aws:ec2:us-east-2:793861635529:security-group/sg-0d7acbe149ef66ef3",
                    "id": "sg-0d7acbe149ef66ef3",
                    "name": "windows-sg-centrally-clean-koi"
                  }
                ],
                "destination_vpc": [],
                "inbound_header": [],
                "outbound_header": [],
                "route_table_route": [],
                "security_group_rule": [
                  {
                    "cidr": "0.0.0.0/0",
                    "direction": "",
                    "port_range": [
                      {
                        "from": 80,
                        "to": 80
                      }
                    ],
                    "prefix_list_id": "",
                    "protocol": "tcp",
                    "security_group_id": ""
                  }
                ],
                "sequence_number": 3,
                "source_vpc": [],
                "subnet": [],
                "transit_gateway": [],
                "transit_gateway_route_table_route": [],
                "vpc": []
              },
              {
                "acl_rule": [],
                "additional_details": [],
                "attached_to": [],
                "component": [
                  {
                    "arn": "arn:aws:ec2:us-east-2:793861635529:network-interface/eni-0e04f314800ce7df3",
                    "id": "eni-0e04f314800ce7df3",
                    "name": ""
                  }
                ],
                "destination_vpc": [],
                "inbound_header": [],
                "outbound_header": [],
                "route_table_route": [],
                "security_group_rule": [],
                "sequence_number": 4,
                "source_vpc": [],
                "subnet": [
                  {
                    "arn": "arn:aws:ec2:us-east-2:793861635529:subnet/subnet-0080c775b46fc4845",
                    "id": "subnet-0080c775b46fc4845",
                    "name": "public-centrally-clean-koi"
                  }
                ],
                "transit_gateway": [],
                "transit_gateway_route_table_route": [],
                "vpc": [
                  {
                    "arn": "arn:aws:ec2:us-east-2:793861635529:vpc/vpc-021badf260afa52a2",
                    "id": "vpc-021badf260afa52a2",
                    "name": "centrally-clean-koi"
                  }
                ]
              },
              {
                "acl_rule": [],
                "additional_details": [],
                "attached_to": [],
                "component": [
                  {
                    "arn": "arn:aws:ec2:us-east-2:793861635529:instance/i-0280ffa19c7f6005f",
                    "id": "i-0280ffa19c7f6005f",
                    "name": "centrally-clean-koi-windows"
                  }
                ],
                "destination_vpc": [],
                "inbound_header": [
                  {
                    "destination_addresses": [
                      "172.16.7.249/32"
                    ],
                    "destination_port_ranges": [
                      {
                        "from": 80,
                        "to": 80
                      }
                    ],
                    "protocol": "6",
                    "source_addresses": [
                      "0.0.0.0/5",
                      "100.0.0.0/10",
                      "100.128.0.0/9",
                      "101.0.0.0/8",
                      "102.0.0.0/7",
                      "104.0.0.0/5",
                      "11.0.0.0/8",
                      "112.0.0.0/4",
                      "12.0.0.0/6",
                      "128.0.0.0/3",
                      "16.0.0.0/4",
                      "160.0.0.0/5",
                      "168.0.0.0/6",
                      "172.0.0.0/12",
                      "172.128.0.0/9",
                      "172.32.0.0/11",
                      "172.64.0.0/10",
                      "173.0.0.0/8",
                      "174.0.0.0/7",
                      "176.0.0.0/4",
                      "192.0.0.0/9",
                      "192.128.0.0/11",
                      "192.160.0.0/13",
                      "192.169.0.0/16",
                      "192.170.0.0/15",
                      "192.172.0.0/14",
                      "192.176.0.0/12",
                      "192.192.0.0/10",
                      "193.0.0.0/8",
                      "194.0.0.0/7",
                      "196.0.0.0/6",
                      "200.0.0.0/5",
                      "208.0.0.0/4",
                      "224.0.0.0/3",
                      "32.0.0.0/3",
                      "64.0.0.0/3",
                      "8.0.0.0/7",
                      "96.0.0.0/6"
                    ],
                    "source_port_ranges": [
                      {
                        "from": 0,
                        "to": 65535
                      }
                    ]
                  }
                ],
                "outbound_header": [],
                "route_table_route": [],
                "security_group_rule": [],
                "sequence_number": 5,
                "source_vpc": [],
                "subnet": [],
                "transit_gateway": [],
                "transit_gateway_route_table_route": [],
                "vpc": []
              }
            ],
            "id": "nia-0081237c9fca976e7",
            "network_insights_path_id": "nip-0b22d51390554254d",
            "path_found": true,
            "region": "us-east-2",
            "return_path_components": [
              {
                "acl_rule": [],
                "additional_details": [],
                "attached_to": [],
                "component": [
                  {
                    "arn": "arn:aws:ec2:us-east-2:793861635529:instance/i-0280ffa19c7f6005f",
                    "id": "i-0280ffa19c7f6005f",
                    "name": "centrally-clean-koi-windows"
                  }
                ],
                "destination_vpc": [],
                "inbound_header": [],
                "outbound_header": [
                  {
                    "destination_addresses": [
                      "0.0.0.0/5",
                      "100.0.0.0/10",
                      "100.128.0.0/9",
                      "101.0.0.0/8",
                      "102.0.0.0/7",
                      "104.0.0.0/5",
                      "11.0.0.0/8",
                      "112.0.0.0/4",
                      "12.0.0.0/6",
                      "128.0.0.0/3",
                      "16.0.0.0/4",
                      "160.0.0.0/5",
                      "168.0.0.0/6",
                      "172.0.0.0/12",
                      "172.128.0.0/9",
                      "172.32.0.0/11",
                      "172.64.0.0/10",
                      "173.0.0.0/8",
                      "174.0.0.0/7",
                      "176.0.0.0/4",
                      "192.0.0.0/9",
                      "192.128.0.0/11",
                      "192.160.0.0/13",
                      "192.169.0.0/16",
                      "192.170.0.0/15",
                      "192.172.0.0/14",
                      "192.176.0.0/12",
                      "192.192.0.0/10",
                      "193.0.0.0/8",
                      "194.0.0.0/7",
                      "196.0.0.0/6",
                      "200.0.0.0/5",
                      "208.0.0.0/4",
                      "224.0.0.0/3",
                      "32.0.0.0/3",
                      "64.0.0.0/3",
                      "8.0.0.0/7",
                      "96.0.0.0/6"
                    ],
                    "destination_port_ranges": [
                      {
                        "from": 0,
                        "to": 65535
                      }
                    ],
                    "protocol": "6",
                    "source_addresses": [
                      "172.16.7.249/32"
                    ],
                    "source_port_ranges": [
                      {
                        "from": 80,
                        "to": 80
                      }
                    ]
                  }
                ],
                "route_table_route": [],
                "security_group_rule": [],
                "sequence_number": 1,
                "source_vpc": [],
                "subnet": [],
                "transit_gateway": [],
                "transit_gateway_route_table_route": [],
                "vpc": []
              },
              {
                "acl_rule": [],
                "additional_details": [],
                "attached_to": [],
                "component": [
                  {
                    "arn": "arn:aws:ec2:us-east-2:793861635529:network-interface/eni-0e04f314800ce7df3",
                    "id": "eni-0e04f314800ce7df3",
                    "name": ""
                  }
                ],
                "destination_vpc": [],
                "inbound_header": [],
                "outbound_header": [],
                "route_table_route": [],
                "security_group_rule": [],
                "sequence_number": 2,
                "source_vpc": [],
                "subnet": [
                  {
                    "arn": "arn:aws:ec2:us-east-2:793861635529:subnet/subnet-0080c775b46fc4845",
                    "id": "subnet-0080c775b46fc4845",
                    "name": "public-centrally-clean-koi"
                  }
                ],
                "transit_gateway": [],
                "transit_gateway_route_table_route": [],
                "vpc": [
                  {
                    "arn": "arn:aws:ec2:us-east-2:793861635529:vpc/vpc-021badf260afa52a2",
                    "id": "vpc-021badf260afa52a2",
                    "name": "centrally-clean-koi"
                  }
                ]
              },
              {
                "acl_rule": [],
                "additional_details": [],
                "attached_to": [],
                "component": [
                  {
                    "arn": "arn:aws:ec2:us-east-2:793861635529:security-group/sg-0d7acbe149ef66ef3",
                    "id": "sg-0d7acbe149ef66ef3",
                    "name": "windows-sg-centrally-clean-koi"
                  }
                ],
                "destination_vpc": [],
                "inbound_header": [],
                "outbound_header": [],
                "route_table_route": [],
                "security_group_rule": [],
                "sequence_number": 3,
                "source_vpc": [],
                "subnet": [],
                "transit_gateway": [],
                "transit_gateway_route_table_route": [],
                "vpc": []
              },
              {
                "acl_rule": [
                  {
                    "cidr": "0.0.0.0/0",
                    "egress": true,
                    "port_range": [],
                    "protocol": "all",
                    "rule_action": "allow",
                    "rule_number": 500
                  }
                ],
                "additional_details": [],
                "attached_to": [],
                "component": [
                  {
                    "arn": "arn:aws:ec2:us-east-2:793861635529:network-acl/acl-08ce76139ea563111",
                    "id": "acl-08ce76139ea563111",
                    "name": "centrally-clean-koi-Public"
                  }
                ],
                "destination_vpc": [],
                "inbound_header": [],
                "outbound_header": [],
                "route_table_route": [],
                "security_group_rule": [],
                "sequence_number": 4,
                "source_vpc": [],
                "subnet": [],
                "transit_gateway": [],
                "transit_gateway_route_table_route": [],
                "vpc": []
              },
              {
                "acl_rule": [],
                "additional_details": [],
                "attached_to": [],
                "component": [
                  {
                    "arn": "arn:aws:ec2:us-east-2:793861635529:route-table/rtb-01c3b7f91a4963bf8",
                    "id": "rtb-01c3b7f91a4963bf8",
                    "name": "public-centrally-clean-koi"
                  }
                ],
                "destination_vpc": [],
                "inbound_header": [],
                "outbound_header": [],
                "route_table_route": [
                  {
                    "destination_cidr": "0.0.0.0/0",
                    "destination_prefix_list_id": "",
                    "egress_only_internet_gateway_id": "",
                    "gateway_id": "igw-0b61e2f9d8314017e",
                    "instance_id": "",
                    "nat_gateway_id": "",
                    "network_interface_id": "",
                    "origin": "createroute",
                    "transit_gateway_id": "",
                    "vpc_peering_connection_id": ""
                  }
                ],
                "security_group_rule": [],
                "sequence_number": 5,
                "source_vpc": [],
                "subnet": [],
                "transit_gateway": [],
                "transit_gateway_route_table_route": [],
                "vpc": []
              },
              {
                "acl_rule": [],
                "additional_details": [],
                "attached_to": [],
                "component": [
                  {
                    "arn": "arn:aws:ec2:us-east-2:793861635529:internet-gateway/igw-0b61e2f9d8314017e",
                    "id": "igw-0b61e2f9d8314017e",
                    "name": "centrally-clean-koi-IGW"
                  }
                ],
                "destination_vpc": [],
                "inbound_header": [],
                "outbound_header": [
                  {
                    "destination_addresses": [
                      "0.0.0.0/5",
                      "100.0.0.0/10",
                      "100.128.0.0/9",
                      "101.0.0.0/8",
                      "102.0.0.0/7",
                      "104.0.0.0/5",
                      "11.0.0.0/8",
                      "112.0.0.0/4",
                      "12.0.0.0/6",
                      "128.0.0.0/3",
                      "16.0.0.0/4",
                      "160.0.0.0/5",
                      "168.0.0.0/6",
                      "172.0.0.0/12",
                      "172.128.0.0/9",
                      "172.32.0.0/11",
                      "172.64.0.0/10",
                      "173.0.0.0/8",
                      "174.0.0.0/7",
                      "176.0.0.0/4",
                      "192.0.0.0/9",
                      "192.128.0.0/11",
                      "192.160.0.0/13",
                      "192.169.0.0/16",
                      "192.170.0.0/15",
                      "192.172.0.0/14",
                      "192.176.0.0/12",
                      "192.192.0.0/10",
                      "193.0.0.0/8",
                      "194.0.0.0/7",
                      "196.0.0.0/6",
                      "200.0.0.0/5",
                      "208.0.0.0/4",
                      "224.0.0.0/3",
                      "32.0.0.0/3",
                      "64.0.0.0/3",
                      "8.0.0.0/7",
                      "96.0.0.0/6"
                    ],
                    "destination_port_ranges": [
                      {
                        "from": 0,
                        "to": 65535
                      }
                    ],
                    "protocol": "6",
                    "source_addresses": [
                      "18.218.159.204/32"
                    ],
                    "source_port_ranges": [
                      {
                        "from": 80,
                        "to": 80
                      }
                    ]
                  }
                ],
                "route_table_route": [],
                "security_group_rule": [],
                "sequence_number": 6,
                "source_vpc": [],
                "subnet": [],
                "transit_gateway": [],
                "transit_gateway_route_table_route": [],
                "vpc": [
                  {
                    "arn": "arn:aws:ec2:us-east-2:793861635529:vpc/vpc-021badf260afa52a2",
                    "id": "vpc-021badf260afa52a2",
                    "name": "centrally-clean-koi"
                  }
                ]
              }
            ],
            "start_date": "2025-08-29T03:01:49Z",
            "status": "succeeded",
            "status_message": "",
            "tags": null,
            "tags_all": {},
            "wait_for_completion": true,
            "warning_message": "The analysis succeeded but it was unable to analyze all components. Reason: The request was missing the following optional permissions: [software.amazon.awssdk.services.networkfirewall.model.NetworkFirewallException, com.amazonaws.services.directconnect.model.AmazonDirectConnectException]"
          },
          "sensitive_attributes": [],
          "identity_schema_version": 0,
          "private": "bnVsbA==",
          "dependencies": [
            "aws_ec2_network_insights_path.home_to_ec2",
            "aws_instance.windows",
            "aws_key_pair.sai_key",
            "aws_security_group.windows_sg",
            "aws_subnet.public_subnet",
            "aws_vpc.vpc-01",
            "data.aws_internet_gateway.vpc_igw",
            "data.http.my_ip",
            "random_pet.sai_pet",
            "tls_private_key.sai_private_key"
          ]
        }
      ]
    },
    {
      "mode": "managed",
      "type": "aws_ec2_network_insights_path",
      "name": "home_to_ec2",
      "provider": "provider[\"registry.terraform.io/hashicorp/aws\"]",
      "instances": [
        {
          "schema_version": 0,
          "attributes": {
            "arn": "arn:aws:ec2:us-east-2:793861635529:network-insights-path/nip-0b22d51390554254d",
            "destination": "i-0280ffa19c7f6005f",
            "destination_arn": "arn:aws:ec2:us-east-2:793861635529:instance/i-0280ffa19c7f6005f",
            "destination_ip": "",
            "destination_port": 80,
            "filter_at_destination": null,
            "filter_at_source": [
              {
                "destination_address": "",
                "destination_port_range": [
                  {
                    "from_port": 80,
                    "to_port": 80
                  }
                ],
                "source_address": "",
                "source_port_range": []
              }
            ],
            "id": "nip-0b22d51390554254d",
            "protocol": "tcp",
            "region": "us-east-2",
            "source": "igw-0b61e2f9d8314017e",
            "source_arn": "arn:aws:ec2:us-east-2:793861635529:internet-gateway/igw-0b61e2f9d8314017e",
            "source_ip": "",
            "tags": {
              "Name": "home_to_ec2-centrally-clean-koi"
            },
            "tags_all": {
              "Name": "home_to_ec2-centrally-clean-koi"
            }
          },
          "sensitive_attributes": [],
          "identity_schema_version": 0,
          "private": "bnVsbA==",
          "dependencies": [
            "aws_instance.windows",
            "aws_key_pair.sai_key",
            "aws_security_group.windows_sg",
            "aws_subnet.public_subnet",
            "aws_vpc.vpc-01",
            "data.aws_internet_gateway.vpc_igw",
            "data.http.my_ip",
            "random_pet.sai_pet",
            "tls_private_key.sai_private_key"
          ]
        }
      ]
    },
    {
      "mode": "managed",
      "type": "aws_eip",
      "name": "nat_eip",
      "provider": "provider[\"registry.terraform.io/hashicorp/aws\"]",
      "instances": [
        {
          "schema_version": 0,
          "attributes": {
            "address": null,
            "allocation_id": "eipalloc-07e534591fd9e8012",
            "arn": "arn:aws:ec2:us-east-2:793861635529:elastic-ip/eipalloc-07e534591fd9e8012",
            "associate_with_private_ip": null,
            "association_id": "eipassoc-051fd83763350fa9c",
            "carrier_ip": "",
            "customer_owned_ip": "",
            "customer_owned_ipv4_pool": "",
            "domain": "vpc",
            "id": "eipalloc-07e534591fd9e8012",
            "instance": "",
            "ipam_pool_id": null,
            "network_border_group": "us-east-2",
            "network_interface": "eni-0c63241a4fc23dd52",
            "private_dns": "ip-172-16-3-44.us-east-2.compute.internal",
            "private_ip": "172.16.3.44",
            "ptr_record": "",
            "public_dns": "ec2-3-20-56-116.us-east-2.compute.amazonaws.com",
            "public_ip": "3.20.56.116",
            "public_ipv4_pool": "amazon",
            "region": "us-east-2",
            "tags": {
              "Name": "centrally-clean-koi-NAT"
            },
            "tags_all": {
              "Name": "centrally-clean-koi-NAT"
            },
            "timeouts": null
          },
          "sensitive_attributes": [],
          "identity_schema_version": 0,
          "private": "eyJlMmJmYjczMC1lY2FhLTExZTYtOGY4OC0zNDM2M2JjN2M0YzAiOnsiZGVsZXRlIjoxODAwMDAwMDAwMDAsInJlYWQiOjkwMDAwMDAwMDAwMCwidXBkYXRlIjozMDAwMDAwMDAwMDB9fQ==",
          "dependencies": [
            "random_pet.sai_pet"
          ]
        }
      ]
    },
    {
      "mode": "managed",
      "type": "aws_eip",
      "name": "windows_eip",
      "provider": "provider[\"registry.terraform.io/hashicorp/aws\"]",
      "instances": [
        {
          "schema_version": 0,
          "attributes": {
            "address": null,
            "allocation_id": "eipalloc-0536aa7d284515cdb",
            "arn": "arn:aws:ec2:us-east-2:793861635529:elastic-ip/eipalloc-0536aa7d284515cdb",
            "associate_with_private_ip": null,
            "association_id": "eipassoc-0bc8c9f3519ade877",
            "carrier_ip": "",
            "customer_owned_ip": "",
            "customer_owned_ipv4_pool": "",
            "domain": "vpc",
            "id": "eipalloc-0536aa7d284515cdb",
            "instance": "i-0280ffa19c7f6005f",
            "ipam_pool_id": null,
            "network_border_group": "us-east-2",
            "network_interface": "eni-0e04f314800ce7df3",
            "private_dns": "ip-172-16-7-249.us-east-2.compute.internal",
            "private_ip": "172.16.7.249",
            "ptr_record": "",
            "public_dns": "ec2-18-218-159-204.us-east-2.compute.amazonaws.com",
            "public_ip": "18.218.159.204",
            "public_ipv4_pool": "amazon",
            "region": "us-east-2",
            "tags": {
              "Name": "centrally-clean-koi-Windows"
            },
            "tags_all": {
              "Name": "centrally-clean-koi-Windows"
            },
            "timeouts": null
          },
          "sensitive_attributes": [],
          "identity_schema_version": 0,
          "private": "eyJlMmJmYjczMC1lY2FhLTExZTYtOGY4OC0zNDM2M2JjN2M0YzAiOnsiZGVsZXRlIjoxODAwMDAwMDAwMDAsInJlYWQiOjkwMDAwMDAwMDAwMCwidXBkYXRlIjozMDAwMDAwMDAwMDB9fQ==",
          "dependencies": [
            "random_pet.sai_pet"
          ]
        }
      ]
    },
    {
      "mode": "managed",
      "type": "aws_eip_association",
      "name": "windows_eip_assoc",
      "provider": "provider[\"registry.terraform.io/hashicorp/aws\"]",
      "instances": [
        {
          "schema_version": 0,
          "attributes": {
            "allocation_id": "eipalloc-0536aa7d284515cdb",
            "allow_reassociation": null,
            "id": "eipassoc-0bc8c9f3519ade877",
            "instance_id": "i-0280ffa19c7f6005f",
            "network_interface_id": "eni-0e04f314800ce7df3",
            "private_ip_address": "172.16.7.249",
            "public_ip": "18.218.159.204",
            "region": "us-east-2"
          },
          "sensitive_attributes": [],
          "identity_schema_version": 0,
          "private": "bnVsbA==",
          "dependencies": [
            "aws_eip.windows_eip",
            "aws_instance.windows",
            "aws_key_pair.sai_key",
            "aws_security_group.windows_sg",
            "aws_subnet.public_subnet",
            "aws_vpc.vpc-01",
            "data.http.my_ip",
            "random_pet.sai_pet",
            "tls_private_key.sai_private_key"
          ]
        }
      ]
    },
    {
      "mode": "managed",
      "type": "aws_instance",
      "name": "linux",
      "provider": "provider[\"registry.terraform.io/hashicorp/aws\"]",
      "instances": [
        {
          "schema_version": 2,
          "attributes": {
            "ami": "ami-0bb7d855677353076",
            "arn": "arn:aws:ec2:us-east-2:793861635529:instance/i-078638f2eb013ce56",
            "associate_public_ip_address": false,
            "availability_zone": "us-east-2b",
            "capacity_reservation_specification": [
              {
                "capacity_reservation_preference": "open",
                "capacity_reservation_target": []
              }
            ],
            "cpu_options": [
              {
                "amd_sev_snp": "",
                "core_count": 1,
                "threads_per_core": 2
              }
            ],
            "credit_specification": [
              {
                "cpu_credits": "unlimited"
              }
            ],
            "disable_api_stop": false,
            "disable_api_termination": false,
            "ebs_block_device": [
              {
                "delete_on_termination": true,
                "device_name": "/dev/xvda",
                "encrypted": false,
                "iops": 3000,
                "kms_key_id": "",
                "snapshot_id": "",
                "tags": {},
                "tags_all": {},
                "throughput": 125,
                "volume_id": "vol-02d40909ae3b91bd5",
                "volume_size": 30,
                "volume_type": "gp3"
              }
            ],
            "ebs_optimized": false,
            "enable_primary_ipv6": null,
            "enclave_options": [
              {
                "enabled": false
              }
            ],
            "ephemeral_block_device": [],
            "force_destroy": false,
            "get_password_data": false,
            "hibernation": false,
            "host_id": "",
            "host_resource_group_arn": null,
            "iam_instance_profile": "",
            "id": "i-078638f2eb013ce56",
            "instance_initiated_shutdown_behavior": "stop",
            "instance_lifecycle": "",
            "instance_market_options": [],
            "instance_state": "running",
            "instance_type": "t3.micro",
            "ipv6_address_count": 0,
            "ipv6_addresses": [],
            "key_name": "centrally-clean-koi-windows",
            "launch_template": [],
            "maintenance_options": [
              {
                "auto_recovery": "default"
              }
            ],
            "metadata_options": [
              {
                "http_endpoint": "enabled",
                "http_protocol_ipv6": "disabled",
                "http_put_response_hop_limit": 1,
                "http_tokens": "optional",
                "instance_metadata_tags": "disabled"
              }
            ],
            "monitoring": false,
            "network_interface": [],
            "outpost_arn": "",
            "password_data": "",
            "placement_group": "",
            "placement_partition_number": 0,
            "primary_network_interface": [
              {
                "delete_on_termination": true,
                "network_interface_id": "eni-0c7d7e231678bfb28"
              }
            ],
            "primary_network_interface_id": "eni-0c7d7e231678bfb28",
            "private_dns": "ip-172-16-11-15.us-east-2.compute.internal",
            "private_dns_name_options": [
              {
                "enable_resource_name_dns_a_record": false,
                "enable_resource_name_dns_aaaa_record": false,
                "hostname_type": "ip-name"
              }
            ],
            "private_ip": "172.16.11.15",
            "public_dns": "",
            "public_ip": "",
            "region": "us-east-2",
            "root_block_device": [
              {
                "delete_on_termination": true,
                "device_name": "/dev/xvda",
                "encrypted": false,
                "iops": 3000,
                "kms_key_id": "",
                "tags": {},
                "tags_all": {},
                "throughput": 125,
                "volume_id": "vol-02d40909ae3b91bd5",
                "volume_size": 30,
                "volume_type": "gp3"
              }
            ],
            "secondary_private_ips": [],
            "security_groups": [],
            "source_dest_check": true,
            "spot_instance_request_id": "",
            "subnet_id": "subnet-0aaac8168e4185132",
            "tags": {
              "Name": "centrally-clean-koi-linux"
            },
            "tags_all": {
              "Name": "centrally-clean-koi-linux"
            },
            "tenancy": "default",
            "timeouts": null,
            "user_data": null,
            "user_data_base64": null,
            "user_data_replace_on_change": false,
            "volume_tags": null,
            "vpc_security_group_ids": [
              "sg-0001ab08d69935915"
            ]
          },
          "sensitive_attributes": [],
          "identity_schema_version": 0,
          "private": "eyJlMmJmYjczMC1lY2FhLTExZTYtOGY4OC0zNDM2M2JjN2M0YzAiOnsiY3JlYXRlIjo2MDAwMDAwMDAwMDAsImRlbGV0ZSI6MTIwMDAwMDAwMDAwMCwicmVhZCI6OTAwMDAwMDAwMDAwLCJ1cGRhdGUiOjYwMDAwMDAwMDAwMH0sInNjaGVtYV92ZXJzaW9uIjoiMiJ9",
          "dependencies": [
            "aws_instance.windows",
            "aws_key_pair.sai_key",
            "aws_security_group.linux_sg",
            "aws_security_group.windows_sg",
            "aws_subnet.private_subnet",
            "aws_subnet.public_subnet",
            "aws_vpc.vpc-01",
            "data.http.my_ip",
            "random_pet.sai_pet",
            "tls_private_key.sai_private_key"
          ]
        }
      ]
    },
    {
      "mode": "managed",
      "type": "aws_instance",
      "name": "windows",
      "provider": "provider[\"registry.terraform.io/hashicorp/aws\"]",
      "instances": [
        {
          "schema_version": 2,
          "attributes": {
            "ami": "ami-05b00365623a86bd3",
            "arn": "arn:aws:ec2:us-east-2:793861635529:instance/i-0280ffa19c7f6005f",
            "associate_public_ip_address": true,
            "availability_zone": "us-east-2a",
            "capacity_reservation_specification": [
              {
                "capacity_reservation_preference": "open",
                "capacity_reservation_target": []
              }
            ],
            "cpu_options": [
              {
                "amd_sev_snp": "",
                "core_count": 1,
                "threads_per_core": 2
              }
            ],
            "credit_specification": [
              {
                "cpu_credits": "unlimited"
              }
            ],
            "disable_api_stop": false,
            "disable_api_termination": false,
            "ebs_block_device": [
              {
                "delete_on_termination": true,
                "device_name": "/dev/sda1",
                "encrypted": false,
                "iops": 3000,
                "kms_key_id": "",
                "snapshot_id": "",
                "tags": {},
                "tags_all": {},
                "throughput": 125,
                "volume_id": "vol-0010b406711535103",
                "volume_size": 30,
                "volume_type": "gp3"
              }
            ],
            "ebs_optimized": false,
            "enable_primary_ipv6": null,
            "enclave_options": [
              {
                "enabled": false
              }
            ],
            "ephemeral_block_device": [],
            "force_destroy": false,
            "get_password_data": true,
            "hibernation": false,
            "host_id": "",
            "host_resource_group_arn": null,
            "iam_instance_profile": "",
            "id": "i-0280ffa19c7f6005f",
            "instance_initiated_shutdown_behavior": "stop",
            "instance_lifecycle": "",
            "instance_market_options": [],
            "instance_state": "running",
            "instance_type": "t3.micro",
            "ipv6_address_count": 0,
            "ipv6_addresses": [],
            "key_name": "centrally-clean-koi-windows",
            "launch_template": [],
            "maintenance_options": [
              {
                "auto_recovery": "default"
              }
            ],
            "metadata_options": [
              {
                "http_endpoint": "enabled",
                "http_protocol_ipv6": "disabled",
                "http_put_response_hop_limit": 2,
                "http_tokens": "required",
                "instance_metadata_tags": "disabled"
              }
            ],
            "monitoring": false,
            "network_interface": [],
            "outpost_arn": "",
            "password_data": "IlAKU7mivoiWfXKZVe0kwakPGK7bOI4+KpAm6gzmhTHsFbeXF4ponDd+0IGInYgV1jQAy975AKV+u0kUHmLgF53RrJNzZ+uY1NxKX6JPijkCuOswqM5jY8VXCUORpFMO2UmLPfwq2CsYJ+oNOlXMng34pjKnXnI1i2Rz2gJnZvj0fm1eMAyrvyxrGAIAHxOnSNmYX9Ch43QXCfb0OE0FKEP/Xctq8J3klHQ0k+7Uqoe1JRKOJTfIXBol9QncmaknQ2M9GLsc0+r+hByD9+spIDjT5XYX7gbw2Wm8NCJu5SgfgsxJemG4XXFAdabxiP7IYvSdDzuQt4tv4Tz0JgLTiE/wksZ6Ymnf5i4JDza9+2/t4UDz5Dgt+FIRs4P17L91DFkB8Oxr8E9pEQFyFbF9kgjtenWV9RlO/pEKi31kxCvNeUX6er+xhFW/EytHXbxZruPsur5Jye9xcfywtJksJMxzszAJP+x+XN/CNguGSOqMpx5Ya5wj99Mn6BM+WP368x/Tt0Y+vUa7c/IeXUXqqRQRIGRMSxCVHhu22CiVs42n8Z/MHaMoiJAM5moKHTEg1FrycCN+y91f7eYxiAZA0KuPtNfjXN15veAJLgVk0WKw4F/Ufg9SVL7Ovonh8SRpOkbCdTD2Iu+D19uJHFlrmngFKx1+lMEZL1+lMSrMdd0=",
            "placement_group": "",
            "placement_partition_number": 0,
            "primary_network_interface": [
              {
                "delete_on_termination": true,
                "network_interface_id": "eni-0e04f314800ce7df3"
              }
            ],
            "primary_network_interface_id": "eni-0e04f314800ce7df3",
            "private_dns": "ip-172-16-7-249.us-east-2.compute.internal",
            "private_dns_name_options": [
              {
                "enable_resource_name_dns_a_record": false,
                "enable_resource_name_dns_aaaa_record": false,
                "hostname_type": "ip-name"
              }
            ],
            "private_ip": "172.16.7.249",
            "public_dns": "ec2-18-218-159-204.us-east-2.compute.amazonaws.com",
            "public_ip": "18.218.159.204",
            "region": "us-east-2",
            "root_block_device": [
              {
                "delete_on_termination": true,
                "device_name": "/dev/sda1",
                "encrypted": false,
                "iops": 3000,
                "kms_key_id": "",
                "tags": {},
                "tags_all": {},
                "throughput": 125,
                "volume_id": "vol-0010b406711535103",
                "volume_size": 30,
                "volume_type": "gp3"
              }
            ],
            "secondary_private_ips": [],
            "security_groups": [],
            "source_dest_check": true,
            "spot_instance_request_id": "",
            "subnet_id": "subnet-0080c775b46fc4845",
            "tags": {
              "Name": "centrally-clean-koi-windows"
            },
            "tags_all": {
              "Name": "centrally-clean-koi-windows"
            },
            "tenancy": "default",
            "timeouts": null,
            "user_data": null,
            "user_data_base64": null,
            "user_data_replace_on_change": false,
            "volume_tags": null,
            "vpc_security_group_ids": [
              "sg-0d7acbe149ef66ef3"
            ]
          },
          "sensitive_attributes": [],
          "identity_schema_version": 0,
          "private": "eyJlMmJmYjczMC1lY2FhLTExZTYtOGY4OC0zNDM2M2JjN2M0YzAiOnsiY3JlYXRlIjo2MDAwMDAwMDAwMDAsImRlbGV0ZSI6MTIwMDAwMDAwMDAwMCwicmVhZCI6OTAwMDAwMDAwMDAwLCJ1cGRhdGUiOjYwMDAwMDAwMDAwMH0sInNjaGVtYV92ZXJzaW9uIjoiMiJ9",
          "dependencies": [
            "aws_key_pair.sai_key",
            "aws_security_group.windows_sg",
            "aws_subnet.public_subnet",
            "aws_vpc.vpc-01",
            "data.http.my_ip",
            "random_pet.sai_pet",
            "tls_private_key.sai_private_key"
          ]
        }
      ]
    },
    {
      "mode": "managed",
      "type": "aws_internet_gateway",
      "name": "igw",
      "provider": "provider[\"registry.terraform.io/hashicorp/aws\"]",
      "instances": [
        {
          "schema_version": 0,
          "attributes": {
            "arn": "arn:aws:ec2:us-east-2:793861635529:internet-gateway/igw-0b61e2f9d8314017e",
            "id": "igw-0b61e2f9d8314017e",
            "owner_id": "793861635529",
            "region": "us-east-2",
            "tags": {
              "Name": "centrally-clean-koi-IGW"
            },
            "tags_all": {
              "Name": "centrally-clean-koi-IGW"
            },
            "timeouts": null,
            "vpc_id": "vpc-021badf260afa52a2"
          },
          "sensitive_attributes": [],
          "identity_schema_version": 0,
          "private": "eyJlMmJmYjczMC1lY2FhLTExZTYtOGY4OC0zNDM2M2JjN2M0YzAiOnsiY3JlYXRlIjoxMjAwMDAwMDAwMDAwLCJkZWxldGUiOjEyMDAwMDAwMDAwMDAsInVwZGF0ZSI6MTIwMDAwMDAwMDAwMH19",
          "dependencies": [
            "aws_vpc.vpc-01",
            "random_pet.sai_pet"
          ]
        }
      ]
    },
    {
      "mode": "managed",
      "type": "aws_key_pair",
      "name": "sai_key",
      "provider": "provider[\"registry.terraform.io/hashicorp/aws\"]",
      "instances": [
        {
          "schema_version": 1,
          "attributes": {
            "arn": "arn:aws:ec2:us-east-2:793861635529:key-pair/centrally-clean-koi-windows",
            "fingerprint": "45:9f:4c:62:1a:2f:04:7a:bc:ce:12:1a:bf:e6:e0:42",
            "id": "centrally-clean-koi-windows",
            "key_name": "centrally-clean-koi-windows",
            "key_name_prefix": "",
            "key_pair_id": "key-07fccd96f66ec1fe3",
            "key_type": "rsa",
            "public_key": "ssh-rsa AAAAB3NzaC1yc2EAAAADAQABAAACAQDViW/6IGkqpCAK79Qk0BvtNhd7KfkRi47nxeSZnlR3VEwUvGXMZbSPcf0MAkIDoc8sD+zEGgNLwDl33nwhgY1tqnT1ad3LBqjrWoydFaXBTPsjGeoXcbrlL9YhNWXPI2XW8EFoYrfN43O/1m00IGRbLUsfKPPN4mMa4PR+Ni0SuER2KLjQgiZ954kbmTNC5o+LMtjTWXNY13U2F1u3Nw9/mRcla2+yZTVYfb/LnTZ9h5fiDBNcu+SXzNf5sIfRubfn2DuQJlLyMNDtr+YQk0JBHpnskLlb9bv1fi9eBp/Q9U56s4fJI4X1bn5kD6kw6IgNERf4M8szCtSFUrtGuygvWOn4kUt7JNnpyhS9HVTQA3QQ3RzhYYFnVvyyZKPOxGoYd+KkYtAr8THpn1ApyNaIfi6OXg73XocfDCRkX1IyhRbWkkSpYUJgxzb1WP1Hm8/TSWQDKTcCCUsev0DFX9K7kIPK6YuhrQr21xeYfver2ZCiahWZB3kcWS4KdAABCcA6++vSRYb8WDxFkNOCqUCVWvPMy/IlAcleyfgt+ZMoTpDnnC2bHSVdzMSIh2lmN+qstP+EEpao0fBdPwiQE/qJVmYBuNntBcDzlq8LW2LtNDTUAOWeZY0J2ohVOai4DVWj/iTiJDLQSnvrC0dG0jkPaaDvb2RM119qLN5eCXGcVQ==",
            "region": "us-east-2",
            "tags": {},
            "tags_all": {}
          },
          "sensitive_attributes": [],
          "identity_schema_version": 0,
          "private": "eyJzY2hlbWFfdmVyc2lvbiI6IjEifQ==",
          "dependencies": [
            "random_pet.sai_pet",
            "tls_private_key.sai_private_key"
          ]
        }
      ]
    },
    {
      "mode": "managed",
      "type": "aws_nat_gateway",
      "name": "nat_gw",
      "provider": "provider[\"registry.terraform.io/hashicorp/aws\"]",
      "instances": [
        {
          "schema_version": 0,
          "attributes": {
            "allocation_id": "eipalloc-07e534591fd9e8012",
            "association_id": "eipassoc-051fd83763350fa9c",
            "connectivity_type": "public",
            "id": "nat-0eede553eb3756ff8",
            "network_interface_id": "eni-0c63241a4fc23dd52",
            "private_ip": "172.16.3.44",
            "public_ip": "3.20.56.116",
            "region": "us-east-2",
            "secondary_allocation_ids": [],
            "secondary_private_ip_address_count": 0,
            "secondary_private_ip_addresses": [],
            "subnet_id": "subnet-0080c775b46fc4845",
            "tags": {
              "Name": "centrally-clean-koi-NAT"
            },
            "tags_all": {
              "Name": "centrally-clean-koi-NAT"
            },
            "timeouts": null
          },
          "sensitive_attributes": [],
          "identity_schema_version": 0,
          "private": "eyJlMmJmYjczMC1lY2FhLTExZTYtOGY4OC0zNDM2M2JjN2M0YzAiOnsiY3JlYXRlIjo2MDAwMDAwMDAwMDAsImRlbGV0ZSI6MTgwMDAwMDAwMDAwMCwidXBkYXRlIjo2MDAwMDAwMDAwMDB9fQ==",
          "dependencies": [
            "aws_eip.nat_eip",
            "aws_subnet.public_subnet",
            "aws_vpc.vpc-01",
            "random_pet.sai_pet"
          ]
        }
      ]
    },
    {
      "mode": "managed",
      "type": "aws_network_acl",
      "name": "nacl_private",
      "provider": "provider[\"registry.terraform.io/hashicorp/aws\"]",
      "instances": [
        {
          "schema_version": 0,
          "attributes": {
            "arn": "arn:aws:ec2:us-east-2:793861635529:network-acl/acl-0299a25145d5f0a02",
            "egress": [
              {
                "action": "allow",
                "cidr_block": "0.0.0.0/0",
                "from_port": 0,
                "icmp_code": 0,
                "icmp_type": 0,
                "ipv6_cidr_block": "",
                "protocol": "-1",
                "rule_no": 500,
                "to_port": 0
              }
            ],
            "id": "acl-0299a25145d5f0a02",
            "ingress": [
              {
                "action": "allow",
                "cidr_block": "0.0.0.0/0",
                "from_port": 1024,
                "icmp_code": 0,
                "icmp_type": 0,
                "ipv6_cidr_block": "",
                "protocol": "6",
                "rule_no": 120,
                "to_port": 65535
              },
              {
                "action": "allow",
                "cidr_block": "172.16.7.249/32",
                "from_port": 22,
                "icmp_code": 0,
                "icmp_type": 0,
                "ipv6_cidr_block": "",
                "protocol": "6",
                "rule_no": 110,
                "to_port": 22
              },
              {
                "action": "allow",
                "cidr_block": "172.16.7.249/32",
                "from_port": 3306,
                "icmp_code": 0,
                "icmp_type": 0,
                "ipv6_cidr_block": "",
                "protocol": "6",
                "rule_no": 100,
                "to_port": 3306
              }
            ],
            "owner_id": "793861635529",
            "region": "us-east-2",
            "subnet_ids": [
              "subnet-0aaac8168e4185132"
            ],
            "tags": {
              "Name": "centrally-clean-koi-private"
            },
            "tags_all": {
              "Name": "centrally-clean-koi-private"
            },
            "vpc_id": "vpc-021badf260afa52a2"
          },
          "sensitive_attributes": [],
          "identity_schema_version": 0,
          "private": "bnVsbA==",
          "dependencies": [
            "aws_subnet.private_subnet",
            "aws_vpc.vpc-01",
            "random_pet.sai_pet"
          ]
        }
      ]
    },
    {
      "mode": "managed",
      "type": "aws_network_acl",
      "name": "nacl_public",
      "provider": "provider[\"registry.terraform.io/hashicorp/aws\"]",
      "instances": [
        {
          "schema_version": 0,
          "attributes": {
            "arn": "arn:aws:ec2:us-east-2:793861635529:network-acl/acl-08ce76139ea563111",
            "egress": [
              {
                "action": "allow",
                "cidr_block": "0.0.0.0/0",
                "from_port": 0,
                "icmp_code": 0,
                "icmp_type": 0,
                "ipv6_cidr_block": "",
                "protocol": "-1",
                "rule_no": 500,
                "to_port": 0
              }
            ],
            "id": "acl-08ce76139ea563111",
            "ingress": [
              {
                "action": "allow",
                "cidr_block": "0.0.0.0/0",
                "from_port": 1024,
                "icmp_code": 0,
                "icmp_type": 0,
                "ipv6_cidr_block": "",
                "protocol": "6",
                "rule_no": 130,
                "to_port": 65535
              },
              {
                "action": "allow",
                "cidr_block": "0.0.0.0/0",
                "from_port": 443,
                "icmp_code": 0,
                "icmp_type": 0,
                "ipv6_cidr_block": "",
                "protocol": "6",
                "rule_no": 110,
                "to_port": 443
              },
              {
                "action": "allow",
                "cidr_block": "0.0.0.0/0",
                "from_port": 80,
                "icmp_code": 0,
                "icmp_type": 0,
                "ipv6_cidr_block": "",
                "protocol": "6",
                "rule_no": 100,
                "to_port": 80
              },
              {
                "action": "allow",
                "cidr_block": "35.149.205.152/32",
                "from_port": 3389,
                "icmp_code": 0,
                "icmp_type": 0,
                "ipv6_cidr_block": "",
                "protocol": "6",
                "rule_no": 120,
                "to_port": 3389
              }
            ],
            "owner_id": "793861635529",
            "region": "us-east-2",
            "subnet_ids": [
              "subnet-0080c775b46fc4845"
            ],
            "tags": {
              "Name": "centrally-clean-koi-Public"
            },
            "tags_all": {
              "Name": "centrally-clean-koi-Public"
            },
            "vpc_id": "vpc-021badf260afa52a2"
          },
          "sensitive_attributes": [],
          "identity_schema_version": 0,
          "private": "bnVsbA==",
          "dependencies": [
            "aws_subnet.public_subnet",
            "aws_vpc.vpc-01",
            "random_pet.sai_pet"
          ]
        }
      ]
    },
    {
      "mode": "managed",
      "type": "aws_network_acl_rule",
      "name": "nacl_private_inbound_dynamic",
      "provider": "provider[\"registry.terraform.io/hashicorp/aws\"]",
      "instances": [
        {
          "schema_version": 0,
          "attributes": {
            "cidr_block": "0.0.0.0/0",
            "egress": false,
            "from_port": 1024,
            "icmp_code": null,
            "icmp_type": null,
            "id": "nacl-2516282107",
            "ipv6_cidr_block": "",
            "network_acl_id": "acl-0299a25145d5f0a02",
            "protocol": "6",
            "region": "us-east-2",
            "rule_action": "allow",
            "rule_number": 120,
            "to_port": 65535
          },
          "sensitive_attributes": [],
          "identity_schema_version": 0,
          "private": "bnVsbA==",
          "dependencies": [
            "aws_network_acl.nacl_private",
            "aws_subnet.private_subnet",
            "aws_vpc.vpc-01",
            "random_pet.sai_pet"
          ]
        }
      ]
    },
    {
      "mode": "managed",
      "type": "aws_network_acl_rule",
      "name": "nacl_private_inbound_mysql",
      "provider": "provider[\"registry.terraform.io/hashicorp/aws\"]",
      "instances": [
        {
          "schema_version": 0,
          "attributes": {
            "cidr_block": "172.16.7.249/32",
            "egress": false,
            "from_port": 3306,
            "icmp_code": null,
            "icmp_type": null,
            "id": "nacl-4121419696",
            "ipv6_cidr_block": "",
            "network_acl_id": "acl-0299a25145d5f0a02",
            "protocol": "6",
            "region": "us-east-2",
            "rule_action": "allow",
            "rule_number": 100,
            "to_port": 3306
          },
          "sensitive_attributes": [],
          "identity_schema_version": 0,
          "private": "bnVsbA==",
          "dependencies": [
            "aws_instance.windows",
            "aws_key_pair.sai_key",
            "aws_network_acl.nacl_private",
            "aws_security_group.windows_sg",
            "aws_subnet.private_subnet",
            "aws_subnet.public_subnet",
            "aws_vpc.vpc-01",
            "data.http.my_ip",
            "random_pet.sai_pet",
            "tls_private_key.sai_private_key"
          ]
        }
      ]
    },
    {
      "mode": "managed",
      "type": "aws_network_acl_rule",
      "name": "nacl_private_inbound_ssh",
      "provider": "provider[\"registry.terraform.io/hashicorp/aws\"]",
      "instances": [
        {
          "schema_version": 0,
          "attributes": {
            "cidr_block": "172.16.7.249/32",
            "egress": false,
            "from_port": 22,
            "icmp_code": null,
            "icmp_type": null,
            "id": "nacl-674301493",
            "ipv6_cidr_block": "",
            "network_acl_id": "acl-0299a25145d5f0a02",
            "protocol": "6",
            "region": "us-east-2",
            "rule_action": "allow",
            "rule_number": 110,
            "to_port": 22
          },
          "sensitive_attributes": [],
          "identity_schema_version": 0,
          "private": "bnVsbA==",
          "dependencies": [
            "aws_instance.windows",
            "aws_key_pair.sai_key",
            "aws_network_acl.nacl_private",
            "aws_security_group.windows_sg",
            "aws_subnet.private_subnet",
            "aws_subnet.public_subnet",
            "aws_vpc.vpc-01",
            "data.http.my_ip",
            "random_pet.sai_pet",
            "tls_private_key.sai_private_key"
          ]
        }
      ]
    },
    {
      "mode": "managed",
      "type": "aws_network_acl_rule",
      "name": "nacl_private_outbound_all",
      "provider": "provider[\"registry.terraform.io/hashicorp/aws\"]",
      "instances": [
        {
          "schema_version": 0,
          "attributes": {
            "cidr_block": "0.0.0.0/0",
            "egress": true,
            "from_port": 0,
            "icmp_code": null,
            "icmp_type": null,
            "id": "nacl-4224078012",
            "ipv6_cidr_block": "",
            "network_acl_id": "acl-0299a25145d5f0a02",
            "protocol": "-1",
            "region": "us-east-2",
            "rule_action": "allow",
            "rule_number": 500,
            "to_port": 0
          },
          "sensitive_attributes": [],
          "identity_schema_version": 0,
          "private": "bnVsbA==",
          "dependencies": [
            "aws_network_acl.nacl_private",
            "aws_subnet.private_subnet",
            "aws_vpc.vpc-01",
            "random_pet.sai_pet"
          ]
        }
      ]
    },
    {
      "mode": "managed",
      "type": "aws_network_acl_rule",
      "name": "nacl_public_inbound_dynamic",
      "provider": "provider[\"registry.terraform.io/hashicorp/aws\"]",
      "instances": [
        {
          "schema_version": 0,
          "attributes": {
            "cidr_block": "0.0.0.0/0",
            "egress": false,
            "from_port": 1024,
            "icmp_code": null,
            "icmp_type": null,
            "id": "nacl-2463371422",
            "ipv6_cidr_block": "",
            "network_acl_id": "acl-08ce76139ea563111",
            "protocol": "6",
            "region": "us-east-2",
            "rule_action": "allow",
            "rule_number": 130,
            "to_port": 65535
          },
          "sensitive_attributes": [],
          "identity_schema_version": 0,
          "private": "bnVsbA==",
          "dependencies": [
            "aws_network_acl.nacl_public",
            "aws_subnet.public_subnet",
            "aws_vpc.vpc-01",
            "random_pet.sai_pet"
          ]
        }
      ]
    },
    {
      "mode": "managed",
      "type": "aws_network_acl_rule",
      "name": "nacl_public_inbound_http",
      "provider": "provider[\"registry.terraform.io/hashicorp/aws\"]",
      "instances": [
        {
          "schema_version": 0,
          "attributes": {
            "cidr_block": "0.0.0.0/0",
            "egress": false,
            "from_port": 80,
            "icmp_code": null,
            "icmp_type": null,
            "id": "nacl-790527056",
            "ipv6_cidr_block": "",
            "network_acl_id": "acl-08ce76139ea563111",
            "protocol": "6",
            "region": "us-east-2",
            "rule_action": "allow",
            "rule_number": 100,
            "to_port": 80
          },
          "sensitive_attributes": [],
          "identity_schema_version": 0,
          "private": "bnVsbA==",
          "dependencies": [
            "aws_network_acl.nacl_public",
            "aws_subnet.public_subnet",
            "aws_vpc.vpc-01",
            "random_pet.sai_pet"
          ]
        }
      ]
    },
    {
      "mode": "managed",
      "type": "aws_network_acl_rule",
      "name": "nacl_public_inbound_https",
      "provider": "provider[\"registry.terraform.io/hashicorp/aws\"]",
      "instances": [
        {
          "schema_version": 0,
          "attributes": {
            "cidr_block": "0.0.0.0/0",
            "egress": false,
            "from_port": 443,
            "icmp_code": null,
            "icmp_type": null,
            "id": "nacl-4069041621",
            "ipv6_cidr_block": "",
            "network_acl_id": "acl-08ce76139ea563111",
            "protocol": "6",
            "region": "us-east-2",
            "rule_action": "allow",
            "rule_number": 110,
            "to_port": 443
          },
          "sensitive_attributes": [],
          "identity_schema_version": 0,
          "private": "bnVsbA==",
          "dependencies": [
            "aws_network_acl.nacl_public",
            "aws_subnet.public_subnet",
            "aws_vpc.vpc-01",
            "random_pet.sai_pet"
          ]
        }
      ]
    },
    {
      "mode": "managed",
      "type": "aws_network_acl_rule",
      "name": "nacl_public_inbound_rdp",
      "provider": "provider[\"registry.terraform.io/hashicorp/aws\"]",
      "instances": [
        {
          "schema_version": 0,
          "attributes": {
            "cidr_block": "35.149.205.152/32",
            "egress": false,
            "from_port": 3389,
            "icmp_code": null,
            "icmp_type": null,
            "id": "nacl-1329776923",
            "ipv6_cidr_block": "",
            "network_acl_id": "acl-08ce76139ea563111",
            "protocol": "6",
            "region": "us-east-2",
            "rule_action": "allow",
            "rule_number": 120,
            "to_port": 3389
          },
          "sensitive_attributes": [],
          "identity_schema_version": 0,
          "private": "bnVsbA==",
          "dependencies": [
            "aws_network_acl.nacl_public",
            "aws_subnet.public_subnet",
            "aws_vpc.vpc-01",
            "data.http.my_ip",
            "random_pet.sai_pet"
          ]
        }
      ]
    },
    {
      "mode": "managed",
      "type": "aws_network_acl_rule",
      "name": "nacl_public_outbound_all",
      "provider": "provider[\"registry.terraform.io/hashicorp/aws\"]",
      "instances": [
        {
          "schema_version": 0,
          "attributes": {
            "cidr_block": "0.0.0.0/0",
            "egress": true,
            "from_port": 0,
            "icmp_code": null,
            "icmp_type": null,
            "id": "nacl-917301077",
            "ipv6_cidr_block": "",
            "network_acl_id": "acl-08ce76139ea563111",
            "protocol": "-1",
            "region": "us-east-2",
            "rule_action": "allow",
            "rule_number": 500,
            "to_port": 0
          },
          "sensitive_attributes": [],
          "identity_schema_version": 0,
          "private": "bnVsbA==",
          "dependencies": [
            "aws_network_acl.nacl_public",
            "aws_subnet.public_subnet",
            "aws_vpc.vpc-01",
            "random_pet.sai_pet"
          ]
        }
      ]
    },
    {
      "mode": "managed",
      "type": "aws_route_table",
      "name": "public_rt",
      "provider": "provider[\"registry.terraform.io/hashicorp/aws\"]",
      "instances": [
        {
          "schema_version": 0,
          "attributes": {
            "arn": "arn:aws:ec2:us-east-2:793861635529:route-table/rtb-01c3b7f91a4963bf8",
            "id": "rtb-01c3b7f91a4963bf8",
            "owner_id": "793861635529",
            "propagating_vgws": [],
            "region": "us-east-2",
            "route": [
              {
                "carrier_gateway_id": "",
                "cidr_block": "0.0.0.0/0",
                "core_network_arn": "",
                "destination_prefix_list_id": "",
                "egress_only_gateway_id": "",
                "gateway_id": "igw-0b61e2f9d8314017e",
                "ipv6_cidr_block": "",
                "local_gateway_id": "",
                "nat_gateway_id": "",
                "network_interface_id": "",
                "transit_gateway_id": "",
                "vpc_endpoint_id": "",
                "vpc_peering_connection_id": ""
              }
            ],
            "tags": {
              "Name": "public-centrally-clean-koi"
            },
            "tags_all": {
              "Name": "public-centrally-clean-koi"
            },
            "timeouts": null,
            "vpc_id": "vpc-021badf260afa52a2"
          },
          "sensitive_attributes": [],
          "identity_schema_version": 0,
          "private": "eyJlMmJmYjczMC1lY2FhLTExZTYtOGY4OC0zNDM2M2JjN2M0YzAiOnsiY3JlYXRlIjozMDAwMDAwMDAwMDAsImRlbGV0ZSI6MzAwMDAwMDAwMDAwLCJ1cGRhdGUiOjEyMDAwMDAwMDAwMH19",
          "dependencies": [
            "aws_internet_gateway.igw",
            "aws_vpc.vpc-01",
            "random_pet.sai_pet"
          ]
        }
      ]
    },
    {
      "mode": "managed",
      "type": "aws_route_table_association",
      "name": "public_rt_assoc",
      "provider": "provider[\"registry.terraform.io/hashicorp/aws\"]",
      "instances": [
        {
          "schema_version": 0,
          "attributes": {
            "gateway_id": "",
            "id": "rtbassoc-021355458466dd7bd",
            "region": "us-east-2",
            "route_table_id": "rtb-01c3b7f91a4963bf8",
            "subnet_id": "subnet-0080c775b46fc4845",
            "timeouts": null
          },
          "sensitive_attributes": [],
          "identity_schema_version": 0,
          "private": "eyJlMmJmYjczMC1lY2FhLTExZTYtOGY4OC0zNDM2M2JjN2M0YzAiOnsiY3JlYXRlIjozMDAwMDAwMDAwMDAsImRlbGV0ZSI6MzAwMDAwMDAwMDAwLCJ1cGRhdGUiOjEyMDAwMDAwMDAwMH19",
          "dependencies": [
            "aws_internet_gateway.igw",
            "aws_route_table.public_rt",
            "aws_subnet.public_subnet",
            "aws_vpc.vpc-01",
            "random_pet.sai_pet"
          ]
        }
      ]
    },
    {
      "mode": "managed",
      "type": "aws_security_group",
      "name": "linux_sg",
      "provider": "provider[\"registry.terraform.io/hashicorp/aws\"]",
      "instances": [
        {
          "schema_version": 1,
          "attributes": {
            "arn": "arn:aws:ec2:us-east-2:793861635529:security-group/sg-0001ab08d69935915",
            "description": "Allows SSH, and MySQL traffic",
            "egress": [
              {
                "cidr_blocks": [
                  "0.0.0.0/0"
                ],
                "description": "Allows all outbound traffic",
                "from_port": 0,
                "ipv6_cidr_blocks": [],
                "prefix_list_ids": [],
                "protocol": "-1",
                "security_groups": [],
                "self": false,
                "to_port": 0
              }
            ],
            "id": "sg-0001ab08d69935915",
            "ingress": [
              {
                "cidr_blocks": [
                  "172.16.7.249/32"
                ],
                "description": "Allows inbound SSH 22",
                "from_port": 22,
                "ipv6_cidr_blocks": [],
                "prefix_list_ids": [],
                "protocol": "tcp",
                "security_groups": [],
                "self": false,
                "to_port": 22
              },
              {
                "cidr_blocks": [
                  "35.149.205.152/32"
                ],
                "description": "Allows inbound MySQL 3306",
                "from_port": 3306,
                "ipv6_cidr_blocks": [],
                "prefix_list_ids": [],
                "protocol": "tcp",
                "security_groups": [],
                "self": false,
                "to_port": 3306
              }
            ],
            "name": "linux-sg-centrally-clean-koi",
            "name_prefix": "",
            "owner_id": "793861635529",
            "region": "us-east-2",
            "revoke_rules_on_delete": false,
            "tags": {},
            "tags_all": {},
            "timeouts": null,
            "vpc_id": "vpc-021badf260afa52a2"
          },
          "sensitive_attributes": [],
          "identity_schema_version": 0,
          "identity": {
            "account_id": "793861635529",
            "id": "sg-0001ab08d69935915",
            "region": "us-east-2"
          },
          "private": "eyJlMmJmYjczMC1lY2FhLTExZTYtOGY4OC0zNDM2M2JjN2M0YzAiOnsiY3JlYXRlIjo2MDAwMDAwMDAwMDAsImRlbGV0ZSI6OTAwMDAwMDAwMDAwfSwic2NoZW1hX3ZlcnNpb24iOiIxIn0=",
          "dependencies": [
            "aws_instance.windows",
            "aws_key_pair.sai_key",
            "aws_security_group.windows_sg",
            "aws_subnet.public_subnet",
            "aws_vpc.vpc-01",
            "data.http.my_ip",
            "random_pet.sai_pet",
            "tls_private_key.sai_private_key"
          ]
        }
      ]
    },
    {
      "mode": "managed",
      "type": "aws_security_group",
      "name": "windows_sg",
      "provider": "provider[\"registry.terraform.io/hashicorp/aws\"]",
      "instances": [
        {
          "schema_version": 1,
          "attributes": {
            "arn": "arn:aws:ec2:us-east-2:793861635529:security-group/sg-0d7acbe149ef66ef3",
            "description": "Allows RDP, HTTP and HTTPS traffic",
            "egress": [
              {
                "cidr_blocks": [
                  "0.0.0.0/0"
                ],
                "description": "Allow all outbound traffic",
                "from_port": 0,
                "ipv6_cidr_blocks": [],
                "prefix_list_ids": [],
                "protocol": "-1",
                "security_groups": [],
                "self": false,
                "to_port": 0
              }
            ],
            "id": "sg-0d7acbe149ef66ef3",
            "ingress": [
              {
                "cidr_blocks": [
                  "0.0.0.0/0"
                ],
                "description": "Allow inbound HTTP 80",
                "from_port": 80,
                "ipv6_cidr_blocks": [],
                "prefix_list_ids": [],
                "protocol": "tcp",
                "security_groups": [],
                "self": false,
                "to_port": 80
              },
              {
                "cidr_blocks": [
                  "0.0.0.0/0"
                ],
                "description": "Allow inbound HTTPS 443",
                "from_port": 443,
                "ipv6_cidr_blocks": [],
                "prefix_list_ids": [],
                "protocol": "tcp",
                "security_groups": [],
                "self": false,
                "to_port": 443
              },
              {
                "cidr_blocks": [
                  "35.149.205.152/32"
                ],
                "description": "Allows inbound RDP 3389",
                "from_port": 3389,
                "ipv6_cidr_blocks": [],
                "prefix_list_ids": [],
                "protocol": "tcp",
                "security_groups": [],
                "self": false,
                "to_port": 3389
              }
            ],
            "name": "windows-sg-centrally-clean-koi",
            "name_prefix": "",
            "owner_id": "793861635529",
            "region": "us-east-2",
            "revoke_rules_on_delete": false,
            "tags": {
              "Name": "centrally-clean-koi"
            },
            "tags_all": {
              "Name": "centrally-clean-koi"
            },
            "timeouts": null,
            "vpc_id": "vpc-021badf260afa52a2"
          },
          "sensitive_attributes": [],
          "identity_schema_version": 0,
          "identity": {
            "account_id": "793861635529",
            "id": "sg-0d7acbe149ef66ef3",
            "region": "us-east-2"
          },
          "private": "eyJlMmJmYjczMC1lY2FhLTExZTYtOGY4OC0zNDM2M2JjN2M0YzAiOnsiY3JlYXRlIjo2MDAwMDAwMDAwMDAsImRlbGV0ZSI6OTAwMDAwMDAwMDAwfSwic2NoZW1hX3ZlcnNpb24iOiIxIn0=",
          "dependencies": [
            "aws_vpc.vpc-01",
            "data.http.my_ip",
            "random_pet.sai_pet"
          ]
        }
      ]
    },
    {
      "mode": "managed",
      "type": "aws_subnet",
      "name": "private_subnet",
      "provider": "provider[\"registry.terraform.io/hashicorp/aws\"]",
      "instances": [
        {
          "schema_version": 1,
          "attributes": {
            "arn": "arn:aws:ec2:us-east-2:793861635529:subnet/subnet-0aaac8168e4185132",
            "assign_ipv6_address_on_creation": false,
            "availability_zone": "us-east-2b",
            "availability_zone_id": "use2-az2",
            "cidr_block": "172.16.8.0/21",
            "customer_owned_ipv4_pool": "",
            "enable_dns64": false,
            "enable_lni_at_device_index": 0,
            "enable_resource_name_dns_a_record_on_launch": false,
            "enable_resource_name_dns_aaaa_record_on_launch": false,
            "id": "subnet-0aaac8168e4185132",
            "ipv6_cidr_block": "",
            "ipv6_cidr_block_association_id": "",
            "ipv6_native": false,
            "map_customer_owned_ip_on_launch": false,
            "map_public_ip_on_launch": false,
            "outpost_arn": "",
            "owner_id": "793861635529",
            "private_dns_hostname_type_on_launch": "ip-name",
            "region": "us-east-2",
            "tags": {
              "Name": "private-centrally-clean-koi"
            },
            "tags_all": {
              "Name": "private-centrally-clean-koi"
            },
            "timeouts": null,
            "vpc_id": "vpc-021badf260afa52a2"
          },
          "sensitive_attributes": [],
          "identity_schema_version": 0,
          "identity": {
            "account_id": "793861635529",
            "id": "subnet-0aaac8168e4185132",
            "region": "us-east-2"
          },
          "private": "eyJlMmJmYjczMC1lY2FhLTExZTYtOGY4OC0zNDM2M2JjN2M0YzAiOnsiY3JlYXRlIjo2MDAwMDAwMDAwMDAsImRlbGV0ZSI6MTIwMDAwMDAwMDAwMH0sInNjaGVtYV92ZXJzaW9uIjoiMSJ9",
          "dependencies": [
            "aws_vpc.vpc-01",
            "random_pet.sai_pet"
          ]
        }
      ]
    },
    {
      "mode": "managed",
      "type": "aws_subnet",
      "name": "public_subnet",
      "provider": "provider[\"registry.terraform.io/hashicorp/aws\"]",
      "instances": [
        {
          "schema_version": 1,
          "attributes": {
            "arn": "arn:aws:ec2:us-east-2:793861635529:subnet/subnet-0080c775b46fc4845",
            "assign_ipv6_address_on_creation": false,
            "availability_zone": "us-east-2a",
            "availability_zone_id": "use2-az1",
            "cidr_block": "172.16.0.0/21",
            "customer_owned_ipv4_pool": "",
            "enable_dns64": false,
            "enable_lni_at_device_index": 0,
            "enable_resource_name_dns_a_record_on_launch": false,
            "enable_resource_name_dns_aaaa_record_on_launch": false,
            "id": "subnet-0080c775b46fc4845",
            "ipv6_cidr_block": "",
            "ipv6_cidr_block_association_id": "",
            "ipv6_native": false,
            "map_customer_owned_ip_on_launch": false,
            "map_public_ip_on_launch": false,
            "outpost_arn": "",
            "owner_id": "793861635529",
            "private_dns_hostname_type_on_launch": "ip-name",
            "region": "us-east-2",
            "tags": {
              "Name": "public-centrally-clean-koi"
            },
            "tags_all": {
              "Name": "public-centrally-clean-koi"
            },
            "timeouts": null,
            "vpc_id": "vpc-021badf260afa52a2"
          },
          "sensitive_attributes": [],
          "identity_schema_version": 0,
          "identity": {
            "account_id": "793861635529",
            "id": "subnet-0080c775b46fc4845",
            "region": "us-east-2"
          },
          "private": "eyJlMmJmYjczMC1lY2FhLTExZTYtOGY4OC0zNDM2M2JjN2M0YzAiOnsiY3JlYXRlIjo2MDAwMDAwMDAwMDAsImRlbGV0ZSI6MTIwMDAwMDAwMDAwMH0sInNjaGVtYV92ZXJzaW9uIjoiMSJ9",
          "dependencies": [
            "aws_vpc.vpc-01",
            "random_pet.sai_pet"
          ]
        }
      ]
    },
    {
      "mode": "managed",
      "type": "aws_vpc",
      "name": "vpc-01",
      "provider": "provider[\"registry.terraform.io/hashicorp/aws\"]",
      "instances": [
        {
          "schema_version": 1,
          "attributes": {
            "arn": "arn:aws:ec2:us-east-2:793861635529:vpc/vpc-021badf260afa52a2",
            "assign_generated_ipv6_cidr_block": false,
            "cidr_block": "172.16.0.0/20",
            "default_network_acl_id": "acl-0ae020e354314a079",
            "default_route_table_id": "rtb-0ac4edd3798f8fb94",
            "default_security_group_id": "sg-0b2e354667b8b77c2",
            "dhcp_options_id": "dopt-0fb1879b5d8460781",
            "enable_dns_hostnames": true,
            "enable_dns_support": true,
            "enable_network_address_usage_metrics": false,
            "id": "vpc-021badf260afa52a2",
            "instance_tenancy": "default",
            "ipv4_ipam_pool_id": null,
            "ipv4_netmask_length": null,
            "ipv6_association_id": "",
            "ipv6_cidr_block": "",
            "ipv6_cidr_block_network_border_group": "",
            "ipv6_ipam_pool_id": "",
            "ipv6_netmask_length": 0,
            "main_route_table_id": "rtb-0ac4edd3798f8fb94",
            "owner_id": "793861635529",
            "region": "us-east-2",
            "tags": {
              "Name": "centrally-clean-koi"
            },
            "tags_all": {
              "Name": "centrally-clean-koi"
            }
          },
          "sensitive_attributes": [],
          "identity_schema_version": 0,
          "private": "eyJzY2hlbWFfdmVyc2lvbiI6IjEifQ==",
          "dependencies": [
            "random_pet.sai_pet"
          ]
        }
      ]
    },
    {
      "mode": "managed",
      "type": "local_file",
      "name": "encrypt_pwd",
      "provider": "provider[\"registry.terraform.io/hashicorp/local\"]",
      "instances": [
        {
          "schema_version": 0,
          "attributes": {
            "content": "IlAKU7mivoiWfXKZVe0kwakPGK7bOI4+KpAm6gzmhTHsFbeXF4ponDd+0IGInYgV1jQAy975AKV+u0kUHmLgF53RrJNzZ+uY1NxKX6JPijkCuOswqM5jY8VXCUORpFMO2UmLPfwq2CsYJ+oNOlXMng34pjKnXnI1i2Rz2gJnZvj0fm1eMAyrvyxrGAIAHxOnSNmYX9Ch43QXCfb0OE0FKEP/Xctq8J3klHQ0k+7Uqoe1JRKOJTfIXBol9QncmaknQ2M9GLsc0+r+hByD9+spIDjT5XYX7gbw2Wm8NCJu5SgfgsxJemG4XXFAdabxiP7IYvSdDzuQt4tv4Tz0JgLTiE/wksZ6Ymnf5i4JDza9+2/t4UDz5Dgt+FIRs4P17L91DFkB8Oxr8E9pEQFyFbF9kgjtenWV9RlO/pEKi31kxCvNeUX6er+xhFW/EytHXbxZruPsur5Jye9xcfywtJksJMxzszAJP+x+XN/CNguGSOqMpx5Ya5wj99Mn6BM+WP368x/Tt0Y+vUa7c/IeXUXqqRQRIGRMSxCVHhu22CiVs42n8Z/MHaMoiJAM5moKHTEg1FrycCN+y91f7eYxiAZA0KuPtNfjXN15veAJLgVk0WKw4F/Ufg9SVL7Ovonh8SRpOkbCdTD2Iu+D19uJHFlrmngFKx1+lMEZL1+lMSrMdd0=",
            "content_base64": null,
            "content_base64sha256": "jMatGPPy6pXOx5xw8zksJdZIFyYGpS9U0sp2N/lWwLQ=",
            "content_base64sha512": "6OgTw/hmh7W3AfE0im3YvMHKTSn4iScLGg/DgDkyIJpyE0pbtp9Us2KPe+R3wed7EZ0VYuSY1FXKfKxA4SvWLA==",
            "content_md5": "8739858149e9983831d5132fb684f386",
            "content_sha1": "c501d0ad10999f730eea38da0619fbf564e74c05",
            "content_sha256": "8cc6ad18f3f2ea95cec79c70f3392c25d648172606a52f54d2ca7637f956c0b4",
            "content_sha512": "e8e813c3f86687b5b701f1348a6dd8bcc1ca4d29f889270b1a0fc3803932209a72134a5bb69f54b3628f7be477c1e77b119d1562e498d455ca7cac40e12bd62c",
            "directory_permission": "0777",
            "file_permission": "0777",
            "filename": "encrypted_password.txt",
            "id": "c501d0ad10999f730eea38da0619fbf564e74c05",
            "sensitive_content": null,
            "source": null
          },
          "sensitive_attributes": [
            [
              {
                "type": "get_attr",
                "value": "sensitive_content"
              }
            ]
          ],
          "identity_schema_version": 0,
          "dependencies": [
            "aws_instance.windows",
            "aws_key_pair.sai_key",
            "aws_security_group.windows_sg",
            "aws_subnet.public_subnet",
            "aws_vpc.vpc-01",
            "data.http.my_ip",
            "local_file.sai_private_key_pem",
            "random_pet.sai_pet",
            "tls_private_key.sai_private_key"
          ]
        }
      ]
    },
    {
      "mode": "managed",
      "type": "local_file",
      "name": "sai_private_key_pem",
      "provider": "provider[\"registry.terraform.io/hashicorp/local\"]",
      "instances": [
        {
          "schema_version": 0,
          "attributes": {
            "content": "-----BEGIN RSA PRIVATE KEY-----\nMIIJKAIBAAKCAgEA1Ylv+iBpKqQgCu/UJNAb7TYXeyn5EYuO58XkmZ5Ud1RMFLxl\nzGW0j3H9DAJCA6HPLA/sxBoDS8A5d958IYGNbap09Wndywao61qMnRWlwUz7Ixnq\nF3G65S/WITVlzyNl1vBBaGK3zeNzv9ZtNCBkWy1LHyjzzeJjGuD0fjYtErhEdii4\n0IImfeeJG5kzQuaPizLY01lzWNd1NhdbtzcPf5kXJWtvsmU1WH2/y502fYeX4gwT\nXLvkl8zX+bCH0bm359g7kCZS8jDQ7a/mEJNCQR6Z7JC5W/W79X4vXgaf0PVOerOH\nySOF9W5+ZA+pMOiIDREX+DPLMwrUhVK7RrsoL1jp+JFLeyTZ6coUvR1U0AN0EN0c\n4WGBZ1b8smSjzsRqGHfipGLQK/Ex6Z9QKcjWiH4ujl4O916HHwwkZF9SMoUW1pJE\nqWFCYMc29Vj9R5vP00lkAyk3AglLHr9AxV/Su5CDyumLoa0K9tcXmH73q9mQomoV\nmQd5HFkuCnQAAQnAOvvr0kWG/Fg8RZDTgqlAlVrzzMvyJQHJXsn4LfmTKE6Q55wt\nmx0lXczEiIdpZjfqrLT/hBKWqNHwXT8IkBP6iVZmAbjZ7QXA85avC1ti7TQ01ADl\nnmWNCdqIVTmouA1Vo/4k4iQy0Ep76wtHRtI5D2mg729kTNdfaizeXglxnFUCAwEA\nAQKCAgAB2IbJxDb0geevAIS2bsAXDFUmoOXAw5KQKVNBCq/TOjzQHxLIMgbeCI+1\n510Xt/HZASg8R7dIk9hLU3aCOaL11DffmTMsGpoiMq2te+7rXVV8Z7Bw1HBXo9K3\nhcUkBbvPIFOIafYJxxIMkfdusGr9qMYR9mIpIPBXXqNuZdx84W/iD5cNYlqf0v0J\n6oiZZvHNs7pRFWBcX7xpI8mMq2KsaS/ciHG2Oo67/ZZHVcwPSLlE4HLYZd1jfIdP\nZrm909ulmuZk6BfmdQqRS2hzMzqq4m9VLqkThOvDgvw41VjTTxOHFv8w+2ggh3x7\nM/Fz9Uabyk6JPDVg8xKENoNc6Kg/wHm8Sys7PnuGNxJqHgu5COve/hhXc9auU7qB\nSRYFPO5kUF9w0MAWralTUFoTlS8rnph+JnSF5c0jvS1WzRYiUxaTnXMTszrOwCac\nmNyLQdYtWRKP0eNeUfSVSVm2bXRIIbwM+BQT0eIkFkYm+QRhvyzSeN1Sh5Dj7FCI\n22QGfPqM7cdmlTN0CIjf1AHyjQLReOd1rUizfEu7Edbh6ujgcYIfuHvzJ5yIVbAw\n5IV6QWs2vTisnQSB7+LkhWdCaflvS7vwHs2NH3HxI4gPOgLFzZFkKgFPuzpL3OMt\nNKG41i8MsMXoRlx2sZ/VPgQfuEu8Fbg3D8ILpki1oiJZrO6IPwKCAQEA+MbMyNQI\ni48NZiXPbpCGyLPevu2XpVASM1TA0InSAX1fvcF4q2gVQdMMdtsOaPJN/rionN1Q\nB1SkLFvPCw1VGBb6pLRTJ7RdZa2EdL2E4gBuGdkjeb9/zNCRqK0G5bhcV/6ShH4D\n/BAXDGatyNFkYviHADA1YDTRPImiwq5IIlen1IRN/gGVlXjj2vXwsPK55g+yLZMO\n2aXkHCoSzEvCLNJtlkSe66NzfpnQHt2ZpfsJwpo9cTOepDZztwDuL3wfS7Y8xZ+r\naFWnTE6RPofYnB3eZ2Cno54hcYOe/zKEtlo/NGB3AAnm9XDJouF9gHSEzoXx3cLC\n/BkLOROc/a80jwKCAQEA27yx0F0NDRU4wowacEBLplhMV+BpD4Hr41Yk0+gh1r/f\neH1F1xUylvdj+Cdo+66KluiRf9EDm2q5F8iX2Sf71BOml53TfOJNDyC28qViTLTg\nNwohr2G5OK5o92WGXcPLcWCGSesXftZIq6DDUeTcVnpw9sFJCrhvn3xVpobf/cKL\nUqM6zNCJVh+hezhgDdQUEbrx1nY8y6C3M5ah77AUY+qovuKYhbOl+BGafLbUhm0x\nUuo1XyEVTE5nBm8zEm4GGJb7Eacyel4nsubMxzi1FvwxTAeub6zjzudL5KJGXK6g\nvqbMLYq48HvwcfKr+3nOaULbPKA5fuzuufTd1wT62wKCAQEA2wUbEcwq4cNFxqKP\nJwYyw8wn1OwUUERYYbzCLFbJ/unEOql0dWOjI1qNZK6i1x5MMG+ecswdQvbvuuXx\nOAe63QSOEid39kLC31uOe8DGlrpONI+Ivg0slMMjGd+LbP+MvSOxFthi5a28vPxB\nD8XZnZC0OiQ3OcYGWEfMdZ0+gI2vglgg2fnHGdter01LZF2t8K/s7FbGAjQcyfb4\nqcgg4Zk5RcyQJWC3s8PzCNmMBicnhp6IbXtGtcgCxCEbkc6zNtLwWgSiwa53JaUe\nFnE+8OMTBOyBankzdF6uwnpVgL2fW5t56RzOq1NrEe13snni2nfuYpCvXYcm7E8q\nLeXsXQKCAQAroYMZIXDW+TDFCHazdUDQLdYy2L9jseN5x4AWh5A4iO7BiPZWJ8Jc\n0ZCLFKA24UhpgJJrc8Aomv9Xpp/oIZVSXfiFQHRe5rxwVYmeEpK7MmsW4q8fmOLj\nS1ZSUVllwtvhjk373W9T4w6Y7Zn659uMXFGT3Xs4YrjfTRvgrgVJ6NgrN3gUdQ/g\nBvXUdrQz6rl1b85XTDD0KdxWpQFQi4Dw+gY5qNqqKaq54BzxyIfYjVPu58xjMDl/\nZk30rB3S+f/B4DDIJ4/RVmLBlixxHmRuxPKw6xGK4SR2z9x08HfSLWaDlLEUFeh0\n79cleQ8HJv+CTSElH5drCXa5e9KUwEtjAoIBADQT83nP/Oyb6a9vRWr0bqpwQ44Y\ncg8ZVdEgDaJh+Ivwm2TLjj/qxMHoek5y17bi7mU3hC4htB+U2IDMcvEceFqs0oR4\nOIdonioJL67faKnrYd2QzaClKqgqmyMwoderS36I8nPlQGO98qWkqKEfIaCc1RK/\nsZh8VgrU8fmionQ+5bM+u4iPv4bRu0TdAVGHl/WlbmuS9HEpHoZsAt7h+Mgl/dml\n/srvIy4At5TRXrr9k0z3dgp2Ql05i8rvOtmAcuaMAEcse9iC2e2cJ/KAXlv9ETag\n6lYngy/Q03sapwVfityAvbt9xJDdWl56bCf7IL/BlXrw7iv803/tVvqQQsE=\n-----END RSA PRIVATE KEY-----\n",
            "content_base64": null,
            "content_base64sha256": "6unRD8/LeTKHI/ge3NuBCrfNZ6lQn8et9oSUxrI1beY=",
            "content_base64sha512": "nyxBQymkJv4fQO6b4Cb01/0Yr4PQeKxsrHsUJ7fT4b9yliQBWqOk7lpnmExH6b1G6LTvBCc/e59yqETRM0VvXw==",
            "content_md5": "605a7d5bffbe6aae5e113bfbef42d1ee",
            "content_sha1": "296b66749df442c4fc87a2e703597e392c2cb58c",
            "content_sha256": "eae9d10fcfcb79328723f81edcdb810ab7cd67a9509fc7adf68494c6b2356de6",
            "content_sha512": "9f2c414329a426fe1f40ee9be026f4d7fd18af83d078ac6cac7b1427b7d3e1bf729624015aa3a4ee5a67984c47e9bd46e8b4ef04273f7b9f72a844d133456f5f",
            "directory_permission": "0777",
            "file_permission": "0777",
            "filename": "centrally-clean-koi_private.pem",
            "id": "296b66749df442c4fc87a2e703597e392c2cb58c",
            "sensitive_content": null,
            "source": null
          },
          "sensitive_attributes": [
            [
              {
                "type": "get_attr",
                "value": "content"
              }
            ],
            [
              {
                "type": "get_attr",
                "value": "sensitive_content"
              }
            ]
          ],
          "identity_schema_version": 0,
          "dependencies": [
            "random_pet.sai_pet",
            "tls_private_key.sai_private_key"
          ]
        }
      ]
    },
    {
      "mode": "managed",
      "type": "local_file",
      "name": "sai_public_key_pem",
      "provider": "provider[\"registry.terraform.io/hashicorp/local\"]",
      "instances": [
        {
          "schema_version": 0,
          "attributes": {
            "content": "-----BEGIN PUBLIC KEY-----\nMIICIjANBgkqhkiG9w0BAQEFAAOCAg8AMIICCgKCAgEA1Ylv+iBpKqQgCu/UJNAb\n7TYXeyn5EYuO58XkmZ5Ud1RMFLxlzGW0j3H9DAJCA6HPLA/sxBoDS8A5d958IYGN\nbap09Wndywao61qMnRWlwUz7IxnqF3G65S/WITVlzyNl1vBBaGK3zeNzv9ZtNCBk\nWy1LHyjzzeJjGuD0fjYtErhEdii40IImfeeJG5kzQuaPizLY01lzWNd1NhdbtzcP\nf5kXJWtvsmU1WH2/y502fYeX4gwTXLvkl8zX+bCH0bm359g7kCZS8jDQ7a/mEJNC\nQR6Z7JC5W/W79X4vXgaf0PVOerOHySOF9W5+ZA+pMOiIDREX+DPLMwrUhVK7Rrso\nL1jp+JFLeyTZ6coUvR1U0AN0EN0c4WGBZ1b8smSjzsRqGHfipGLQK/Ex6Z9QKcjW\niH4ujl4O916HHwwkZF9SMoUW1pJEqWFCYMc29Vj9R5vP00lkAyk3AglLHr9AxV/S\nu5CDyumLoa0K9tcXmH73q9mQomoVmQd5HFkuCnQAAQnAOvvr0kWG/Fg8RZDTgqlA\nlVrzzMvyJQHJXsn4LfmTKE6Q55wtmx0lXczEiIdpZjfqrLT/hBKWqNHwXT8IkBP6\niVZmAbjZ7QXA85avC1ti7TQ01ADlnmWNCdqIVTmouA1Vo/4k4iQy0Ep76wtHRtI5\nD2mg729kTNdfaizeXglxnFUCAwEAAQ==\n-----END PUBLIC KEY-----\n",
            "content_base64": null,
            "content_base64sha256": "E/rwki15mphNe+wn543I595BNy2Qywjsx2SiFBavuhM=",
            "content_base64sha512": "1ByWYxOxZ9r9qMn3egGRHcIn1So0YoOFOpDgsH9GMBsbcAwo7tunu8kNlcTWxscuoRvVF/08h89OcMvP1cQb2Q==",
            "content_md5": "68a12a95d9f02a2097f138a8424d9a3a",
            "content_sha1": "757c035d8a1d0cd813f5d97c9bd9deff95389cf8",
            "content_sha256": "13faf0922d799a984d7bec27e78dc8e7de41372d90cb08ecc764a21416afba13",
            "content_sha512": "d41c966313b167dafda8c9f77a01911dc227d52a346283853a90e0b07f46301b1b700c28eedba7bbc90d95c4d6c6c72ea11bd517fd3c87cf4e70cbcfd5c41bd9",
            "directory_permission": "0777",
            "file_permission": "0777",
            "filename": "centrally-clean-koi_public.pub",
            "id": "757c035d8a1d0cd813f5d97c9bd9deff95389cf8",
            "sensitive_content": null,
            "source": null
          },
          "sensitive_attributes": [
            [
              {
                "type": "get_attr",
                "value": "sensitive_content"
              }
            ]
          ],
          "identity_schema_version": 0,
          "dependencies": [
            "random_pet.sai_pet",
            "tls_private_key.sai_private_key"
          ]
        }
      ]
    },
    {
      "mode": "managed",
      "type": "local_file",
      "name": "sai_rdp_file",
      "provider": "provider[\"registry.terraform.io/hashicorp/local\"]",
      "instances": [
        {
          "schema_version": 0,
          "attributes": {
            "content": "auto connect:i:1\r\nfull address:s:18.218.159.204\r\nusername:s:Administrator\r\naudiomode:i:2\r\naudiocapturemode:i:1\r\n",
            "content_base64": null,
            "content_base64sha256": "ZjWHI43me1n1NqP4tAww2kpxzulICoUZBPES+SofnAc=",
            "content_base64sha512": "gKeI4/vJdRcZVr7zP3BEKbMrNQLnZRoC0Ed1vRAXIkWWwj808HOFX/eKg0JlVZa/8glsqg1+bk7ISJWao90q0g==",
            "content_md5": "b2db8952b267d213ac45415082ea41a2",
            "content_sha1": "6880027501764f7d61d078aa1f46c03bcbe0ef00",
            "content_sha256": "663587238de67b59f536a3f8b40c30da4a71cee9480a851904f112f92a1f9c07",
            "content_sha512": "80a788e3fbc975171956bef33f704429b32b3502e7651a02d04775bd1017224596c23f34f073855ff78a8342655596bff2096caa0d7e6e4ec848959aa3dd2ad2",
            "directory_permission": "0777",
            "file_permission": "0777",
            "filename": "tf-20250829030148.rdp",
            "id": "6880027501764f7d61d078aa1f46c03bcbe0ef00",
            "sensitive_content": null,
            "source": null
          },
          "sensitive_attributes": [
            [
              {
                "type": "get_attr",
                "value": "sensitive_content"
              }
            ]
          ],
          "identity_schema_version": 0,
          "dependencies": [
            "aws_eip.windows_eip",
            "aws_eip_association.windows_eip_assoc",
            "aws_instance.windows",
            "aws_key_pair.sai_key",
            "aws_security_group.windows_sg",
            "aws_subnet.public_subnet",
            "aws_vpc.vpc-01",
            "data.http.my_ip",
            "data.template_file.sai_rdp_tf",
            "random_pet.sai_pet",
            "tls_private_key.sai_private_key"
          ]
        }
      ]
    },
    {
      "mode": "managed",
      "type": "null_resource",
      "name": "rdp_execute",
      "provider": "provider[\"registry.terraform.io/hashicorp/null\"]",
      "instances": [
        {
          "schema_version": 0,
          "attributes": {
            "id": "3644201203698926510",
            "triggers": {
              "rdp_file": "tf-20250829030148.rdp"
            }
          },
          "sensitive_attributes": [],
          "identity_schema_version": 0,
          "dependencies": [
            "aws_eip.windows_eip",
            "aws_eip_association.windows_eip_assoc",
            "aws_instance.windows",
            "aws_key_pair.sai_key",
            "aws_security_group.windows_sg",
            "aws_subnet.public_subnet",
            "aws_vpc.vpc-01",
            "data.http.my_ip",
            "data.template_file.sai_rdp_tf",
            "local_file.sai_rdp_file",
            "random_pet.sai_pet",
            "tls_private_key.sai_private_key"
          ]
        }
      ]
    },
    {
      "mode": "managed",
      "type": "random_id",
      "name": "sai_id",
      "provider": "provider[\"registry.terraform.io/hashicorp/random\"]",
      "instances": [
        {
          "schema_version": 0,
          "attributes": {
            "b64_std": "fTLZxeesvzU=",
            "b64_url": "fTLZxeesvzU",
            "byte_length": 8,
            "dec": "9021512447595167541",
            "hex": "7d32d9c5e7acbf35",
            "id": "fTLZxeesvzU",
            "keepers": null,
            "prefix": null
          },
          "sensitive_attributes": [],
          "identity_schema_version": 0
        }
      ]
    },
    {
      "mode": "managed",
      "type": "random_integer",
      "name": "sai_integer",
      "provider": "provider[\"registry.terraform.io/hashicorp/random\"]",
      "instances": [
        {
          "schema_version": 0,
          "attributes": {
            "id": "82",
            "keepers": null,
            "max": 100,
            "min": 10,
            "result": 82,
            "seed": null
          },
          "sensitive_attributes": [],
          "identity_schema_version": 0
        }
      ]
    },
    {
      "mode": "managed",
      "type": "random_password",
      "name": "sai_password",
      "provider": "provider[\"registry.terraform.io/hashicorp/random\"]",
      "instances": [
        {
          "schema_version": 3,
          "attributes": {
            "bcrypt_hash": "$2a$10$V2IZk9d/JcXXagI23ytfXuHqWqfxs3gPGm8uUAJU8iuGkFYt92Cka",
            "id": "none",
            "keepers": null,
            "length": 15,
            "lower": true,
            "min_lower": 0,
            "min_numeric": 0,
            "min_special": 0,
            "min_upper": 0,
            "number": true,
            "numeric": true,
            "override_special": null,
            "result": "-tff!{3=}FIyD:b",
            "special": true,
            "upper": true
          },
          "sensitive_attributes": [
            [
              {
                "type": "get_attr",
                "value": "bcrypt_hash"
              }
            ],
            [
              {
                "type": "get_attr",
                "value": "result"
              }
            ]
          ],
          "identity_schema_version": 0
        }
      ]
    },
    {
      "mode": "managed",
      "type": "random_pet",
      "name": "sai_pet",
      "provider": "provider[\"registry.terraform.io/hashicorp/random\"]",
      "instances": [
        {
          "schema_version": 0,
          "attributes": {
            "id": "centrally-clean-koi",
            "keepers": null,
            "length": 3,
            "prefix": null,
            "separator": "-"
          },
          "sensitive_attributes": [],
          "identity_schema_version": 0
        }
      ]
    },
    {
      "mode": "managed",
      "type": "random_shuffle",
      "name": "random_region",
      "provider": "provider[\"registry.terraform.io/hashicorp/random\"]",
      "instances": [
        {
          "schema_version": 0,
          "attributes": {
            "id": "-",
            "input": [
              "us-east-1",
              "us-east-2"
            ],
            "keepers": null,
            "result": [
              "us-east-1"
            ],
            "result_count": 1,
            "seed": null
          },
          "sensitive_attributes": [],
          "identity_schema_version": 0
        }
      ]
    },
    {
      "mode": "managed",
      "type": "random_string",
      "name": "sai_string",
      "provider": "provider[\"registry.terraform.io/hashicorp/random\"]",
      "instances": [
        {
          "schema_version": 2,
          "attributes": {
            "id": "qA46*U[n\u0026@@o",
            "keepers": null,
            "length": 12,
            "lower": true,
            "min_lower": 0,
            "min_numeric": 0,
            "min_special": 0,
            "min_upper": 0,
            "number": true,
            "numeric": true,
            "override_special": null,
            "result": "qA46*U[n\u0026@@o",
            "special": true,
            "upper": true
          },
          "sensitive_attributes": [],
          "identity_schema_version": 0
        }
      ]
    },
    {
      "mode": "managed",
      "type": "random_uuid",
      "name": "sai_uuid",
      "provider": "provider[\"registry.terraform.io/hashicorp/random\"]",
      "instances": [
        {
          "schema_version": 0,
          "attributes": {
            "id": "5289e6e1-eb9c-f37e-84a8-5a323b075b23",
            "keepers": null,
            "result": "5289e6e1-eb9c-f37e-84a8-5a323b075b23"
          },
          "sensitive_attributes": [],
          "identity_schema_version": 0
        }
      ]
    },
    {
      "mode": "managed",
      "type": "tls_private_key",
      "name": "sai_private_key",
      "provider": "provider[\"registry.terraform.io/hashicorp/tls\"]",
      "instances": [
        {
          "schema_version": 1,
          "attributes": {
            "algorithm": "RSA",
            "ecdsa_curve": "P224",
            "id": "93be6db3fcd21e017203537f8851540d191af37a",
            "private_key_openssh": "-----BEGIN OPENSSH PRIVATE KEY-----\nb3BlbnNzaC1rZXktdjEAAAAABG5vbmUAAAAEbm9uZQAAAAAAAAABAAACFwAAAAdz\nc2gtcnNhAAAAAwEAAQAAAgEA1Ylv+iBpKqQgCu/UJNAb7TYXeyn5EYuO58XkmZ5U\nd1RMFLxlzGW0j3H9DAJCA6HPLA/sxBoDS8A5d958IYGNbap09Wndywao61qMnRWl\nwUz7IxnqF3G65S/WITVlzyNl1vBBaGK3zeNzv9ZtNCBkWy1LHyjzzeJjGuD0fjYt\nErhEdii40IImfeeJG5kzQuaPizLY01lzWNd1NhdbtzcPf5kXJWtvsmU1WH2/y502\nfYeX4gwTXLvkl8zX+bCH0bm359g7kCZS8jDQ7a/mEJNCQR6Z7JC5W/W79X4vXgaf\n0PVOerOHySOF9W5+ZA+pMOiIDREX+DPLMwrUhVK7RrsoL1jp+JFLeyTZ6coUvR1U\n0AN0EN0c4WGBZ1b8smSjzsRqGHfipGLQK/Ex6Z9QKcjWiH4ujl4O916HHwwkZF9S\nMoUW1pJEqWFCYMc29Vj9R5vP00lkAyk3AglLHr9AxV/Su5CDyumLoa0K9tcXmH73\nq9mQomoVmQd5HFkuCnQAAQnAOvvr0kWG/Fg8RZDTgqlAlVrzzMvyJQHJXsn4LfmT\nKE6Q55wtmx0lXczEiIdpZjfqrLT/hBKWqNHwXT8IkBP6iVZmAbjZ7QXA85avC1ti\n7TQ01ADlnmWNCdqIVTmouA1Vo/4k4iQy0Ep76wtHRtI5D2mg729kTNdfaizeXglx\nnFUAAAc4fDJ6gnwyeoIAAAAHc3NoLXJzYQAAAgEA1Ylv+iBpKqQgCu/UJNAb7TYX\neyn5EYuO58XkmZ5Ud1RMFLxlzGW0j3H9DAJCA6HPLA/sxBoDS8A5d958IYGNbap0\n9Wndywao61qMnRWlwUz7IxnqF3G65S/WITVlzyNl1vBBaGK3zeNzv9ZtNCBkWy1L\nHyjzzeJjGuD0fjYtErhEdii40IImfeeJG5kzQuaPizLY01lzWNd1NhdbtzcPf5kX\nJWtvsmU1WH2/y502fYeX4gwTXLvkl8zX+bCH0bm359g7kCZS8jDQ7a/mEJNCQR6Z\n7JC5W/W79X4vXgaf0PVOerOHySOF9W5+ZA+pMOiIDREX+DPLMwrUhVK7RrsoL1jp\n+JFLeyTZ6coUvR1U0AN0EN0c4WGBZ1b8smSjzsRqGHfipGLQK/Ex6Z9QKcjWiH4u\njl4O916HHwwkZF9SMoUW1pJEqWFCYMc29Vj9R5vP00lkAyk3AglLHr9AxV/Su5CD\nyumLoa0K9tcXmH73q9mQomoVmQd5HFkuCnQAAQnAOvvr0kWG/Fg8RZDTgqlAlVrz\nzMvyJQHJXsn4LfmTKE6Q55wtmx0lXczEiIdpZjfqrLT/hBKWqNHwXT8IkBP6iVZm\nAbjZ7QXA85avC1ti7TQ01ADlnmWNCdqIVTmouA1Vo/4k4iQy0Ep76wtHRtI5D2mg\n729kTNdfaizeXglxnFUAAAADAQABAAACAAHYhsnENvSB568AhLZuwBcMVSag5cDD\nkpApU0EKr9M6PNAfEsgyBt4Ij7XnXRe38dkBKDxHt0iT2EtTdoI5ovXUN9+ZMywa\nmiIyra177utdVXxnsHDUcFej0reFxSQFu88gU4hp9gnHEgyR926wav2oxhH2Yikg\n8Fdeo25l3Hzhb+IPlw1iWp/S/QnqiJlm8c2zulEVYFxfvGkjyYyrYqxpL9yIcbY6\njrv9lkdVzA9IuUTgcthl3WN8h09mub3T26Wa5mToF+Z1CpFLaHMzOqrib1UuqROE\n68OC/DjVWNNPE4cW/zD7aCCHfHsz8XP1RpvKTok8NWDzEoQ2g1zoqD/AebxLKzs+\ne4Y3EmoeC7kI697+GFdz1q5TuoFJFgU87mRQX3DQwBatqVNQWhOVLyuemH4mdIXl\nzSO9LVbNFiJTFpOdcxOzOs7AJpyY3ItB1i1ZEo/R415R9JVJWbZtdEghvAz4FBPR\n4iQWRib5BGG/LNJ43VKHkOPsUIjbZAZ8+oztx2aVM3QIiN/UAfKNAtF453WtSLN8\nS7sR1uHq6OBxgh+4e/MnnIhVsDDkhXpBaza9OKydBIHv4uSFZ0Jp+W9Lu/AezY0f\ncfEjiA86AsXNkWQqAU+7Okvc4y00objWLwywxehGXHaxn9U+BB+4S7wVuDcPwgum\nSLWiIlms7og/AAABADQT83nP/Oyb6a9vRWr0bqpwQ44Ycg8ZVdEgDaJh+Ivwm2TL\njj/qxMHoek5y17bi7mU3hC4htB+U2IDMcvEceFqs0oR4OIdonioJL67faKnrYd2Q\nzaClKqgqmyMwoderS36I8nPlQGO98qWkqKEfIaCc1RK/sZh8VgrU8fmionQ+5bM+\nu4iPv4bRu0TdAVGHl/WlbmuS9HEpHoZsAt7h+Mgl/dml/srvIy4At5TRXrr9k0z3\ndgp2Ql05i8rvOtmAcuaMAEcse9iC2e2cJ/KAXlv9ETag6lYngy/Q03sapwVfityA\nvbt9xJDdWl56bCf7IL/BlXrw7iv803/tVvqQQsEAAAEBAPjGzMjUCIuPDWYlz26Q\nhsiz3r7tl6VQEjNUwNCJ0gF9X73BeKtoFUHTDHbbDmjyTf64qJzdUAdUpCxbzwsN\nVRgW+qS0Uye0XWWthHS9hOIAbhnZI3m/f8zQkaitBuW4XFf+koR+A/wQFwxmrcjR\nZGL4hwAwNWA00TyJosKuSCJXp9SETf4BlZV449r18LDyueYPsi2TDtml5BwqEsxL\nwizSbZZEnuujc36Z0B7dmaX7CcKaPXEznqQ2c7cA7i98H0u2PMWfq2hVp0xOkT6H\n2Jwd3mdgp6OeIXGDnv8yhLZaPzRgdwAJ5vVwyaLhfYB0hM6F8d3CwvwZCzkTnP2v\nNI8AAAEBANu8sdBdDQ0VOMKMGnBAS6ZYTFfgaQ+B6+NWJNPoIda/33h9RdcVMpb3\nY/gnaPuuipbokX/RA5tquRfIl9kn+9QTpped03ziTQ8gtvKlYky04DcKIa9huTiu\naPdlhl3Dy3FghknrF37WSKugw1Hk3FZ6cPbBSQq4b598VaaG3/3Ci1KjOszQiVYf\noXs4YA3UFBG68dZ2PMugtzOWoe+wFGPqqL7imIWzpfgRmny21IZtMVLqNV8hFUxO\nZwZvMxJuBhiW+xGnMnpeJ7LmzMc4tRb8MUwHrm+s487nS+SiRlyuoL6mzC2KuPB7\n8HHyq/t5zmlC2zygOX7s7rn03dcE+tsAAAAAAQID\n-----END OPENSSH PRIVATE KEY-----\n",
            "private_key_pem": "-----BEGIN RSA PRIVATE KEY-----\nMIIJKAIBAAKCAgEA1Ylv+iBpKqQgCu/UJNAb7TYXeyn5EYuO58XkmZ5Ud1RMFLxl\nzGW0j3H9DAJCA6HPLA/sxBoDS8A5d958IYGNbap09Wndywao61qMnRWlwUz7Ixnq\nF3G65S/WITVlzyNl1vBBaGK3zeNzv9ZtNCBkWy1LHyjzzeJjGuD0fjYtErhEdii4\n0IImfeeJG5kzQuaPizLY01lzWNd1NhdbtzcPf5kXJWtvsmU1WH2/y502fYeX4gwT\nXLvkl8zX+bCH0bm359g7kCZS8jDQ7a/mEJNCQR6Z7JC5W/W79X4vXgaf0PVOerOH\nySOF9W5+ZA+pMOiIDREX+DPLMwrUhVK7RrsoL1jp+JFLeyTZ6coUvR1U0AN0EN0c\n4WGBZ1b8smSjzsRqGHfipGLQK/Ex6Z9QKcjWiH4ujl4O916HHwwkZF9SMoUW1pJE\nqWFCYMc29Vj9R5vP00lkAyk3AglLHr9AxV/Su5CDyumLoa0K9tcXmH73q9mQomoV\nmQd5HFkuCnQAAQnAOvvr0kWG/Fg8RZDTgqlAlVrzzMvyJQHJXsn4LfmTKE6Q55wt\nmx0lXczEiIdpZjfqrLT/hBKWqNHwXT8IkBP6iVZmAbjZ7QXA85avC1ti7TQ01ADl\nnmWNCdqIVTmouA1Vo/4k4iQy0Ep76wtHRtI5D2mg729kTNdfaizeXglxnFUCAwEA\nAQKCAgAB2IbJxDb0geevAIS2bsAXDFUmoOXAw5KQKVNBCq/TOjzQHxLIMgbeCI+1\n510Xt/HZASg8R7dIk9hLU3aCOaL11DffmTMsGpoiMq2te+7rXVV8Z7Bw1HBXo9K3\nhcUkBbvPIFOIafYJxxIMkfdusGr9qMYR9mIpIPBXXqNuZdx84W/iD5cNYlqf0v0J\n6oiZZvHNs7pRFWBcX7xpI8mMq2KsaS/ciHG2Oo67/ZZHVcwPSLlE4HLYZd1jfIdP\nZrm909ulmuZk6BfmdQqRS2hzMzqq4m9VLqkThOvDgvw41VjTTxOHFv8w+2ggh3x7\nM/Fz9Uabyk6JPDVg8xKENoNc6Kg/wHm8Sys7PnuGNxJqHgu5COve/hhXc9auU7qB\nSRYFPO5kUF9w0MAWralTUFoTlS8rnph+JnSF5c0jvS1WzRYiUxaTnXMTszrOwCac\nmNyLQdYtWRKP0eNeUfSVSVm2bXRIIbwM+BQT0eIkFkYm+QRhvyzSeN1Sh5Dj7FCI\n22QGfPqM7cdmlTN0CIjf1AHyjQLReOd1rUizfEu7Edbh6ujgcYIfuHvzJ5yIVbAw\n5IV6QWs2vTisnQSB7+LkhWdCaflvS7vwHs2NH3HxI4gPOgLFzZFkKgFPuzpL3OMt\nNKG41i8MsMXoRlx2sZ/VPgQfuEu8Fbg3D8ILpki1oiJZrO6IPwKCAQEA+MbMyNQI\ni48NZiXPbpCGyLPevu2XpVASM1TA0InSAX1fvcF4q2gVQdMMdtsOaPJN/rionN1Q\nB1SkLFvPCw1VGBb6pLRTJ7RdZa2EdL2E4gBuGdkjeb9/zNCRqK0G5bhcV/6ShH4D\n/BAXDGatyNFkYviHADA1YDTRPImiwq5IIlen1IRN/gGVlXjj2vXwsPK55g+yLZMO\n2aXkHCoSzEvCLNJtlkSe66NzfpnQHt2ZpfsJwpo9cTOepDZztwDuL3wfS7Y8xZ+r\naFWnTE6RPofYnB3eZ2Cno54hcYOe/zKEtlo/NGB3AAnm9XDJouF9gHSEzoXx3cLC\n/BkLOROc/a80jwKCAQEA27yx0F0NDRU4wowacEBLplhMV+BpD4Hr41Yk0+gh1r/f\neH1F1xUylvdj+Cdo+66KluiRf9EDm2q5F8iX2Sf71BOml53TfOJNDyC28qViTLTg\nNwohr2G5OK5o92WGXcPLcWCGSesXftZIq6DDUeTcVnpw9sFJCrhvn3xVpobf/cKL\nUqM6zNCJVh+hezhgDdQUEbrx1nY8y6C3M5ah77AUY+qovuKYhbOl+BGafLbUhm0x\nUuo1XyEVTE5nBm8zEm4GGJb7Eacyel4nsubMxzi1FvwxTAeub6zjzudL5KJGXK6g\nvqbMLYq48HvwcfKr+3nOaULbPKA5fuzuufTd1wT62wKCAQEA2wUbEcwq4cNFxqKP\nJwYyw8wn1OwUUERYYbzCLFbJ/unEOql0dWOjI1qNZK6i1x5MMG+ecswdQvbvuuXx\nOAe63QSOEid39kLC31uOe8DGlrpONI+Ivg0slMMjGd+LbP+MvSOxFthi5a28vPxB\nD8XZnZC0OiQ3OcYGWEfMdZ0+gI2vglgg2fnHGdter01LZF2t8K/s7FbGAjQcyfb4\nqcgg4Zk5RcyQJWC3s8PzCNmMBicnhp6IbXtGtcgCxCEbkc6zNtLwWgSiwa53JaUe\nFnE+8OMTBOyBankzdF6uwnpVgL2fW5t56RzOq1NrEe13snni2nfuYpCvXYcm7E8q\nLeXsXQKCAQAroYMZIXDW+TDFCHazdUDQLdYy2L9jseN5x4AWh5A4iO7BiPZWJ8Jc\n0ZCLFKA24UhpgJJrc8Aomv9Xpp/oIZVSXfiFQHRe5rxwVYmeEpK7MmsW4q8fmOLj\nS1ZSUVllwtvhjk373W9T4w6Y7Zn659uMXFGT3Xs4YrjfTRvgrgVJ6NgrN3gUdQ/g\nBvXUdrQz6rl1b85XTDD0KdxWpQFQi4Dw+gY5qNqqKaq54BzxyIfYjVPu58xjMDl/\nZk30rB3S+f/B4DDIJ4/RVmLBlixxHmRuxPKw6xGK4SR2z9x08HfSLWaDlLEUFeh0\n79cleQ8HJv+CTSElH5drCXa5e9KUwEtjAoIBADQT83nP/Oyb6a9vRWr0bqpwQ44Y\ncg8ZVdEgDaJh+Ivwm2TLjj/qxMHoek5y17bi7mU3hC4htB+U2IDMcvEceFqs0oR4\nOIdonioJL67faKnrYd2QzaClKqgqmyMwoderS36I8nPlQGO98qWkqKEfIaCc1RK/\nsZh8VgrU8fmionQ+5bM+u4iPv4bRu0TdAVGHl/WlbmuS9HEpHoZsAt7h+Mgl/dml\n/srvIy4At5TRXrr9k0z3dgp2Ql05i8rvOtmAcuaMAEcse9iC2e2cJ/KAXlv9ETag\n6lYngy/Q03sapwVfityAvbt9xJDdWl56bCf7IL/BlXrw7iv803/tVvqQQsE=\n-----END RSA PRIVATE KEY-----\n",
            "private_key_pem_pkcs8": "-----BEGIN PRIVATE KEY-----\nMIIJQgIBADANBgkqhkiG9w0BAQEFAASCCSwwggkoAgEAAoICAQDViW/6IGkqpCAK\n79Qk0BvtNhd7KfkRi47nxeSZnlR3VEwUvGXMZbSPcf0MAkIDoc8sD+zEGgNLwDl3\n3nwhgY1tqnT1ad3LBqjrWoydFaXBTPsjGeoXcbrlL9YhNWXPI2XW8EFoYrfN43O/\n1m00IGRbLUsfKPPN4mMa4PR+Ni0SuER2KLjQgiZ954kbmTNC5o+LMtjTWXNY13U2\nF1u3Nw9/mRcla2+yZTVYfb/LnTZ9h5fiDBNcu+SXzNf5sIfRubfn2DuQJlLyMNDt\nr+YQk0JBHpnskLlb9bv1fi9eBp/Q9U56s4fJI4X1bn5kD6kw6IgNERf4M8szCtSF\nUrtGuygvWOn4kUt7JNnpyhS9HVTQA3QQ3RzhYYFnVvyyZKPOxGoYd+KkYtAr8THp\nn1ApyNaIfi6OXg73XocfDCRkX1IyhRbWkkSpYUJgxzb1WP1Hm8/TSWQDKTcCCUse\nv0DFX9K7kIPK6YuhrQr21xeYfver2ZCiahWZB3kcWS4KdAABCcA6++vSRYb8WDxF\nkNOCqUCVWvPMy/IlAcleyfgt+ZMoTpDnnC2bHSVdzMSIh2lmN+qstP+EEpao0fBd\nPwiQE/qJVmYBuNntBcDzlq8LW2LtNDTUAOWeZY0J2ohVOai4DVWj/iTiJDLQSnvr\nC0dG0jkPaaDvb2RM119qLN5eCXGcVQIDAQABAoICAAHYhsnENvSB568AhLZuwBcM\nVSag5cDDkpApU0EKr9M6PNAfEsgyBt4Ij7XnXRe38dkBKDxHt0iT2EtTdoI5ovXU\nN9+ZMywamiIyra177utdVXxnsHDUcFej0reFxSQFu88gU4hp9gnHEgyR926wav2o\nxhH2Yikg8Fdeo25l3Hzhb+IPlw1iWp/S/QnqiJlm8c2zulEVYFxfvGkjyYyrYqxp\nL9yIcbY6jrv9lkdVzA9IuUTgcthl3WN8h09mub3T26Wa5mToF+Z1CpFLaHMzOqri\nb1UuqROE68OC/DjVWNNPE4cW/zD7aCCHfHsz8XP1RpvKTok8NWDzEoQ2g1zoqD/A\nebxLKzs+e4Y3EmoeC7kI697+GFdz1q5TuoFJFgU87mRQX3DQwBatqVNQWhOVLyue\nmH4mdIXlzSO9LVbNFiJTFpOdcxOzOs7AJpyY3ItB1i1ZEo/R415R9JVJWbZtdEgh\nvAz4FBPR4iQWRib5BGG/LNJ43VKHkOPsUIjbZAZ8+oztx2aVM3QIiN/UAfKNAtF4\n53WtSLN8S7sR1uHq6OBxgh+4e/MnnIhVsDDkhXpBaza9OKydBIHv4uSFZ0Jp+W9L\nu/AezY0fcfEjiA86AsXNkWQqAU+7Okvc4y00objWLwywxehGXHaxn9U+BB+4S7wV\nuDcPwgumSLWiIlms7og/AoIBAQD4xszI1AiLjw1mJc9ukIbIs96+7ZelUBIzVMDQ\nidIBfV+9wXiraBVB0wx22w5o8k3+uKic3VAHVKQsW88LDVUYFvqktFMntF1lrYR0\nvYTiAG4Z2SN5v3/M0JGorQbluFxX/pKEfgP8EBcMZq3I0WRi+IcAMDVgNNE8iaLC\nrkgiV6fUhE3+AZWVeOPa9fCw8rnmD7Itkw7ZpeQcKhLMS8Is0m2WRJ7ro3N+mdAe\n3Zml+wnCmj1xM56kNnO3AO4vfB9LtjzFn6toVadMTpE+h9icHd5nYKejniFxg57/\nMoS2Wj80YHcACeb1cMmi4X2AdITOhfHdwsL8GQs5E5z9rzSPAoIBAQDbvLHQXQ0N\nFTjCjBpwQEumWExX4GkPgevjViTT6CHWv994fUXXFTKW92P4J2j7roqW6JF/0QOb\narkXyJfZJ/vUE6aXndN84k0PILbypWJMtOA3CiGvYbk4rmj3ZYZdw8txYIZJ6xd+\n1kiroMNR5NxWenD2wUkKuG+ffFWmht/9wotSozrM0IlWH6F7OGAN1BQRuvHWdjzL\noLczlqHvsBRj6qi+4piFs6X4EZp8ttSGbTFS6jVfIRVMTmcGbzMSbgYYlvsRpzJ6\nXiey5szHOLUW/DFMB65vrOPO50vkokZcrqC+pswtirjwe/Bx8qv7ec5pQts8oDl+\n7O659N3XBPrbAoIBAQDbBRsRzCrhw0XGoo8nBjLDzCfU7BRQRFhhvMIsVsn+6cQ6\nqXR1Y6MjWo1krqLXHkwwb55yzB1C9u+65fE4B7rdBI4SJ3f2QsLfW457wMaWuk40\nj4i+DSyUwyMZ34ts/4y9I7EW2GLlrby8/EEPxdmdkLQ6JDc5xgZYR8x1nT6Aja+C\nWCDZ+ccZ216vTUtkXa3wr+zsVsYCNBzJ9vipyCDhmTlFzJAlYLezw/MI2YwGJyeG\nnohte0a1yALEIRuRzrM20vBaBKLBrnclpR4WcT7w4xME7IFqeTN0Xq7CelWAvZ9b\nm3npHM6rU2sR7XeyeeLad+5ikK9dhybsTyot5exdAoIBACuhgxkhcNb5MMUIdrN1\nQNAt1jLYv2Ox43nHgBaHkDiI7sGI9lYnwlzRkIsUoDbhSGmAkmtzwCia/1emn+gh\nlVJd+IVAdF7mvHBViZ4Skrsyaxbirx+Y4uNLVlJRWWXC2+GOTfvdb1PjDpjtmfrn\n24xcUZPdezhiuN9NG+CuBUno2Cs3eBR1D+AG9dR2tDPquXVvzldMMPQp3FalAVCL\ngPD6Bjmo2qopqrngHPHIh9iNU+7nzGMwOX9mTfSsHdL5/8HgMMgnj9FWYsGWLHEe\nZG7E8rDrEYrhJHbP3HTwd9ItZoOUsRQV6HTv1yV5Dwcm/4JNISUfl2sJdrl70pTA\nS2MCggEANBPzec/87Jvpr29FavRuqnBDjhhyDxlV0SANomH4i/CbZMuOP+rEweh6\nTnLXtuLuZTeELiG0H5TYgMxy8Rx4WqzShHg4h2ieKgkvrt9oqeth3ZDNoKUqqCqb\nIzCh16tLfojyc+VAY73ypaSooR8hoJzVEr+xmHxWCtTx+aKidD7lsz67iI+/htG7\nRN0BUYeX9aVua5L0cSkehmwC3uH4yCX92aX+yu8jLgC3lNFeuv2TTPd2CnZCXTmL\nyu862YBy5owARyx72ILZ7Zwn8oBeW/0RNqDqVieDL9DTexqnBV+K3IC9u33EkN1a\nXnpsJ/sgv8GVevDuK/zTf+1W+pBCwQ==\n-----END PRIVATE KEY-----\n",
            "public_key_fingerprint_md5": "a1:db:31:85:03:33:ea:da:75:3f:e0:89:a3:51:55:9a",
            "public_key_fingerprint_sha256": "SHA256:43gWoY1ZHA79R2aZ9kdw9zpiI4buI+S563oFr6DvQTo",
            "public_key_openssh": "ssh-rsa AAAAB3NzaC1yc2EAAAADAQABAAACAQDViW/6IGkqpCAK79Qk0BvtNhd7KfkRi47nxeSZnlR3VEwUvGXMZbSPcf0MAkIDoc8sD+zEGgNLwDl33nwhgY1tqnT1ad3LBqjrWoydFaXBTPsjGeoXcbrlL9YhNWXPI2XW8EFoYrfN43O/1m00IGRbLUsfKPPN4mMa4PR+Ni0SuER2KLjQgiZ954kbmTNC5o+LMtjTWXNY13U2F1u3Nw9/mRcla2+yZTVYfb/LnTZ9h5fiDBNcu+SXzNf5sIfRubfn2DuQJlLyMNDtr+YQk0JBHpnskLlb9bv1fi9eBp/Q9U56s4fJI4X1bn5kD6kw6IgNERf4M8szCtSFUrtGuygvWOn4kUt7JNnpyhS9HVTQA3QQ3RzhYYFnVvyyZKPOxGoYd+KkYtAr8THpn1ApyNaIfi6OXg73XocfDCRkX1IyhRbWkkSpYUJgxzb1WP1Hm8/TSWQDKTcCCUsev0DFX9K7kIPK6YuhrQr21xeYfver2ZCiahWZB3kcWS4KdAABCcA6++vSRYb8WDxFkNOCqUCVWvPMy/IlAcleyfgt+ZMoTpDnnC2bHSVdzMSIh2lmN+qstP+EEpao0fBdPwiQE/qJVmYBuNntBcDzlq8LW2LtNDTUAOWeZY0J2ohVOai4DVWj/iTiJDLQSnvrC0dG0jkPaaDvb2RM119qLN5eCXGcVQ==\n",
            "public_key_pem": "-----BEGIN PUBLIC KEY-----\nMIICIjANBgkqhkiG9w0BAQEFAAOCAg8AMIICCgKCAgEA1Ylv+iBpKqQgCu/UJNAb\n7TYXeyn5EYuO58XkmZ5Ud1RMFLxlzGW0j3H9DAJCA6HPLA/sxBoDS8A5d958IYGN\nbap09Wndywao61qMnRWlwUz7IxnqF3G65S/WITVlzyNl1vBBaGK3zeNzv9ZtNCBk\nWy1LHyjzzeJjGuD0fjYtErhEdii40IImfeeJG5kzQuaPizLY01lzWNd1NhdbtzcP\nf5kXJWtvsmU1WH2/y502fYeX4gwTXLvkl8zX+bCH0bm359g7kCZS8jDQ7a/mEJNC\nQR6Z7JC5W/W79X4vXgaf0PVOerOHySOF9W5+ZA+pMOiIDREX+DPLMwrUhVK7Rrso\nL1jp+JFLeyTZ6coUvR1U0AN0EN0c4WGBZ1b8smSjzsRqGHfipGLQK/Ex6Z9QKcjW\niH4ujl4O916HHwwkZF9SMoUW1pJEqWFCYMc29Vj9R5vP00lkAyk3AglLHr9AxV/S\nu5CDyumLoa0K9tcXmH73q9mQomoVmQd5HFkuCnQAAQnAOvvr0kWG/Fg8RZDTgqlA\nlVrzzMvyJQHJXsn4LfmTKE6Q55wtmx0lXczEiIdpZjfqrLT/hBKWqNHwXT8IkBP6\niVZmAbjZ7QXA85avC1ti7TQ01ADlnmWNCdqIVTmouA1Vo/4k4iQy0Ep76wtHRtI5\nD2mg729kTNdfaizeXglxnFUCAwEAAQ==\n-----END PUBLIC KEY-----\n",
            "rsa_bits": 4096
          },
          "sensitive_attributes": [
            [
              {
                "type": "get_attr",
                "value": "private_key_openssh"
              }
            ],
            [
              {
                "type": "get_attr",
                "value": "private_key_pem"
              }
            ],
            [
              {
                "type": "get_attr",
                "value": "private_key_pem_pkcs8"
              }
            ]
          ],
          "identity_schema_version": 0
        }
      ]
    }
  ],
  "check_results": null
}
